// !$*UTF8*$!
{
	archiveVersion = 1;
	classes = {
	};
	objectVersion = 48;
	objects = {

/* Begin PBXBuildFile section */
		9A50F8F1204FC86A0044DC67 /* AppDelegate.swift in Sources */ = {isa = PBXBuildFile; fileRef = 9A50F8F0204FC86A0044DC67 /* AppDelegate.swift */; };
		9A50F8F3204FC86A0044DC67 /* ViewController.swift in Sources */ = {isa = PBXBuildFile; fileRef = 9A50F8F2204FC86A0044DC67 /* ViewController.swift */; };
		9A50F8F6204FC86A0044DC67 /* Main.storyboard in Resources */ = {isa = PBXBuildFile; fileRef = 9A50F8F4204FC86A0044DC67 /* Main.storyboard */; };
		9A50F8F8204FC86A0044DC67 /* Assets.xcassets in Resources */ = {isa = PBXBuildFile; fileRef = 9A50F8F7204FC86A0044DC67 /* Assets.xcassets */; };
		9A50F8FB204FC86A0044DC67 /* LaunchScreen.storyboard in Resources */ = {isa = PBXBuildFile; fileRef = 9A50F8F9204FC86A0044DC67 /* LaunchScreen.storyboard */; };
		9A50F903204FC89D0044DC67 /* LCDViewModel.swift in Sources */ = {isa = PBXBuildFile; fileRef = 9A50F902204FC89D0044DC67 /* LCDViewModel.swift */; };
		9A50F905204FC8D50044DC67 /* LCDHeaderView.swift in Sources */ = {isa = PBXBuildFile; fileRef = 9A50F904204FC8D50044DC67 /* LCDHeaderView.swift */; };
		9A50F907204FC8F30044DC67 /* LCDTableViewCell.swift in Sources */ = {isa = PBXBuildFile; fileRef = 9A50F906204FC8F30044DC67 /* LCDTableViewCell.swift */; };
		9A50F909204FC91E0044DC67 /* LCDCellModel.swift in Sources */ = {isa = PBXBuildFile; fileRef = 9A50F908204FC91E0044DC67 /* LCDCellModel.swift */; };
/* End PBXBuildFile section */

/* Begin PBXFileReference section */
		9A50F8ED204FC86A0044DC67 /* MVVM-Test.app */ = {isa = PBXFileReference; explicitFileType = wrapper.application; includeInIndex = 0; path = "MVVM-Test.app"; sourceTree = BUILT_PRODUCTS_DIR; };
		9A50F8F0204FC86A0044DC67 /* AppDelegate.swift */ = {isa = PBXFileReference; lastKnownFileType = sourcecode.swift; path = AppDelegate.swift; sourceTree = "<group>"; };
		9A50F8F2204FC86A0044DC67 /* ViewController.swift */ = {isa = PBXFileReference; lastKnownFileType = sourcecode.swift; path = ViewController.swift; sourceTree = "<group>"; };
		9A50F8F5204FC86A0044DC67 /* Base */ = {isa = PBXFileReference; lastKnownFileType = file.storyboard; name = Base; path = Base.lproj/Main.storyboard; sourceTree = "<group>"; };
		9A50F8F7204FC86A0044DC67 /* Assets.xcassets */ = {isa = PBXFileReference; lastKnownFileType = folder.assetcatalog; path = Assets.xcassets; sourceTree = "<group>"; };
		9A50F8FA204FC86A0044DC67 /* Base */ = {isa = PBXFileReference; lastKnownFileType = file.storyboard; name = Base; path = Base.lproj/LaunchScreen.storyboard; sourceTree = "<group>"; };
		9A50F8FC204FC86A0044DC67 /* Info.plist */ = {isa = PBXFileReference; lastKnownFileType = text.plist.xml; path = Info.plist; sourceTree = "<group>"; };
		9A50F902204FC89D0044DC67 /* LCDViewModel.swift */ = {isa = PBXFileReference; lastKnownFileType = sourcecode.swift; path = LCDViewModel.swift; sourceTree = "<group>"; };
		9A50F904204FC8D50044DC67 /* LCDHeaderView.swift */ = {isa = PBXFileReference; lastKnownFileType = sourcecode.swift; path = LCDHeaderView.swift; sourceTree = "<group>"; };
		9A50F906204FC8F30044DC67 /* LCDTableViewCell.swift */ = {isa = PBXFileReference; lastKnownFileType = sourcecode.swift; path = LCDTableViewCell.swift; sourceTree = "<group>"; };
		9A50F908204FC91E0044DC67 /* LCDCellModel.swift */ = {isa = PBXFileReference; lastKnownFileType = sourcecode.swift; path = LCDCellModel.swift; sourceTree = "<group>"; };
/* End PBXFileReference section */

/* Begin PBXFrameworksBuildPhase section */
		9A50F8EA204FC86A0044DC67 /* Frameworks */ = {
			isa = PBXFrameworksBuildPhase;
			buildActionMask = 2147483647;
			files = (
			);
			runOnlyForDeploymentPostprocessing = 0;
		};
/* End PBXFrameworksBuildPhase section */

/* Begin PBXGroup section */
		9A50F8E4204FC86A0044DC67 = {
			isa = PBXGroup;
			children = (
				9A50F8EF204FC86A0044DC67 /* MVVM-Test */,
				9A50F8EE204FC86A0044DC67 /* Products */,
			);
			sourceTree = "<group>";
		};
		9A50F8EE204FC86A0044DC67 /* Products */ = {
			isa = PBXGroup;
			children = (
				9A50F8ED204FC86A0044DC67 /* MVVM-Test.app */,
			);
			name = Products;
			sourceTree = "<group>";
		};
		9A50F8EF204FC86A0044DC67 /* MVVM-Test */ = {
			isa = PBXGroup;
			children = (
				9A50F8F0204FC86A0044DC67 /* AppDelegate.swift */,
				9A50F8F2204FC86A0044DC67 /* ViewController.swift */,
				9A50F904204FC8D50044DC67 /* LCDHeaderView.swift */,
				9A50F906204FC8F30044DC67 /* LCDTableViewCell.swift */,
				9A50F908204FC91E0044DC67 /* LCDCellModel.swift */,
				9A50F902204FC89D0044DC67 /* LCDViewModel.swift */,
				9A50F8F4204FC86A0044DC67 /* Main.storyboard */,
				9A50F8F7204FC86A0044DC67 /* Assets.xcassets */,
				9A50F8F9204FC86A0044DC67 /* LaunchScreen.storyboard */,
				9A50F8FC204FC86A0044DC67 /* Info.plist */,
			);
			path = "MVVM-Test";
			sourceTree = "<group>";
		};
/* End PBXGroup section */

/* Begin PBXNativeTarget section */
		9A50F8EC204FC86A0044DC67 /* MVVM-Test */ = {
			isa = PBXNativeTarget;
			buildConfigurationList = 9A50F8FF204FC86A0044DC67 /* Build configuration list for PBXNativeTarget "MVVM-Test" */;
			buildPhases = (
				9A50F8E9204FC86A0044DC67 /* Sources */,
				9A50F8EA204FC86A0044DC67 /* Frameworks */,
				9A50F8EB204FC86A0044DC67 /* Resources */,
			);
			buildRules = (
			);
			dependencies = (
			);
			name = "MVVM-Test";
			productName = "MVVM-Test";
			productReference = 9A50F8ED204FC86A0044DC67 /* MVVM-Test.app */;
			productType = "com.apple.product-type.application";
		};
/* End PBXNativeTarget section */

/* Begin PBXProject section */
		9A50F8E5204FC86A0044DC67 /* Project object */ = {
			isa = PBXProject;
			attributes = {
				LastSwiftUpdateCheck = 0920;
				LastUpgradeCheck = 0920;
				ORGANIZATIONNAME = com.1ktower.snakepop;
				TargetAttributes = {
					9A50F8EC204FC86A0044DC67 = {
						CreatedOnToolsVersion = 9.2;
						ProvisioningStyle = Automatic;
					};
				};
			};
			buildConfigurationList = 9A50F8E8204FC86A0044DC67 /* Build configuration list for PBXProject "MVVM-Test" */;
			compatibilityVersion = "Xcode 8.0";
			developmentRegion = en;
			hasScannedForEncodings = 0;
			knownRegions = (
				en,
				Base,
			);
			mainGroup = 9A50F8E4204FC86A0044DC67;
			productRefGroup = 9A50F8EE204FC86A0044DC67 /* Products */;
			projectDirPath = "";
			projectRoot = "";
			targets = (
				9A50F8EC204FC86A0044DC67 /* MVVM-Test */,
			);
		};
/* End PBXProject section */

/* Begin PBXResourcesBuildPhase section */
		9A50F8EB204FC86A0044DC67 /* Resources */ = {
			isa = PBXResourcesBuildPhase;
			buildActionMask = 2147483647;
			files = (
				9A50F8FB204FC86A0044DC67 /* LaunchScreen.storyboard in Resources */,
				9A50F8F8204FC86A0044DC67 /* Assets.xcassets in Resources */,
				9A50F8F6204FC86A0044DC67 /* Main.storyboard in Resources */,
			);
			runOnlyForDeploymentPostprocessing = 0;
		};
/* End PBXResourcesBuildPhase section */

/* Begin PBXSourcesBuildPhase section */
		9A50F8E9204FC86A0044DC67 /* Sources */ = {
			isa = PBXSourcesBuildPhase;
			buildActionMask = 2147483647;
			files = (
				9A50F903204FC89D0044DC67 /* LCDViewModel.swift in Sources */,
				9A50F905204FC8D50044DC67 /* LCDHeaderView.swift in Sources */,
				9A50F8F3204FC86A0044DC67 /* ViewController.swift in Sources */,
				9A50F907204FC8F30044DC67 /* LCDTableViewCell.swift in Sources */,
				9A50F8F1204FC86A0044DC67 /* AppDelegate.swift in Sources */,
				9A50F909204FC91E0044DC67 /* LCDCellModel.swift in Sources */,
			);
			runOnlyForDeploymentPostprocessing = 0;
		};
/* End PBXSourcesBuildPhase section */

/* Begin PBXVariantGroup section */
		9A50F8F4204FC86A0044DC67 /* Main.storyboard */ = {
			isa = PBXVariantGroup;
			children = (
				9A50F8F5204FC86A0044DC67 /* Base */,
			);
			name = Main.storyboard;
			sourceTree = "<group>";
		};
		9A50F8F9204FC86A0044DC67 /* LaunchScreen.storyboard */ = {
			isa = PBXVariantGroup;
			children = (
				9A50F8FA204FC86A0044DC67 /* Base */,
			);
			name = LaunchScreen.storyboard;
			sourceTree = "<group>";
		};
/* End PBXVariantGroup section */

/* Begin XCBuildConfiguration section */
		9A50F8FD204FC86A0044DC67 /* Debug */ = {
			isa = XCBuildConfiguration;
			buildSettings = {
				ALWAYS_SEARCH_USER_PATHS = NO;
				CLANG_ANALYZER_NONNULL = YES;
				CLANG_ANALYZER_NUMBER_OBJECT_CONVERSION = YES_AGGRESSIVE;
				CLANG_CXX_LANGUAGE_STANDARD = "gnu++14";
				CLANG_CXX_LIBRARY = "libc++";
				CLANG_ENABLE_MODULES = YES;
				CLANG_ENABLE_OBJC_ARC = YES;
				CLANG_WARN_BLOCK_CAPTURE_AUTORELEASING = YES;
				CLANG_WARN_BOOL_CONVERSION = YES;
				CLANG_WARN_COMMA = YES;
				CLANG_WARN_CONSTANT_CONVERSION = YES;
				CLANG_WARN_DIRECT_OBJC_ISA_USAGE = YES_ERROR;
				CLANG_WARN_DOCUMENTATION_COMMENTS = YES;
				CLANG_WARN_EMPTY_BODY = YES;
				CLANG_WARN_ENUM_CONVERSION = YES;
				CLANG_WARN_INFINITE_RECURSION = YES;
				CLANG_WARN_INT_CONVERSION = YES;
				CLANG_WARN_NON_LITERAL_NULL_CONVERSION = YES;
				CLANG_WARN_OBJC_LITERAL_CONVERSION = YES;
				CLANG_WARN_OBJC_ROOT_CLASS = YES_ERROR;
				CLANG_WARN_RANGE_LOOP_ANALYSIS = YES;
				CLANG_WARN_STRICT_PROTOTYPES = YES;
				CLANG_WARN_SUSPICIOUS_MOVE = YES;
				CLANG_WARN_UNGUARDED_AVAILABILITY = YES_AGGRESSIVE;
				CLANG_WARN_UNREACHABLE_CODE = YES;
				CLANG_WARN__DUPLICATE_METHOD_MATCH = YES;
				CODE_SIGN_IDENTITY = "iPhone Developer";
				COPY_PHASE_STRIP = NO;
				DEBUG_INFORMATION_FORMAT = dwarf;
				ENABLE_STRICT_OBJC_MSGSEND = YES;
				ENABLE_TESTABILITY = YES;
				GCC_C_LANGUAGE_STANDARD = gnu11;
				GCC_DYNAMIC_NO_PIC = NO;
				GCC_NO_COMMON_BLOCKS = YES;
				GCC_OPTIMIZATION_LEVEL = 0;
				GCC_PREPROCESSOR_DEFINITIONS = (
					"DEBUG=1",
					"$(inherited)",
				);
				GCC_WARN_64_TO_32_BIT_CONVERSION = YES;
				GCC_WARN_ABOUT_RETURN_TYPE = YES_ERROR;
				GCC_WARN_UNDECLARED_SELECTOR = YES;
				GCC_WARN_UNINITIALIZED_AUTOS = YES_AGGRESSIVE;
				GCC_WARN_UNUSED_FUNCTION = YES;
				GCC_WARN_UNUSED_VARIABLE = YES;
				IPHONEOS_DEPLOYMENT_TARGET = 11.2;
				MTL_ENABLE_DEBUG_INFO = YES;
				ONLY_ACTIVE_ARCH = YES;
				SDKROOT = iphoneos;
				SWIFT_ACTIVE_COMPILATION_CONDITIONS = DEBUG;
				SWIFT_OPTIMIZATION_LEVEL = "-Onone";
			};
			name = Debug;
		};
		9A50F8FE204FC86A0044DC67 /* Release */ = {
			isa = XCBuildConfiguration;
			buildSettings = {
				ALWAYS_SEARCH_USER_PATHS = NO;
				CLANG_ANALYZER_NONNULL = YES;
				CLANG_ANALYZER_NUMBER_OBJECT_CONVERSION = YES_AGGRESSIVE;
				CLANG_CXX_LANGUAGE_STANDARD = "gnu++14";
				CLANG_CXX_LIBRARY = "libc++";
				CLANG_ENABLE_MODULES = YES;
				CLANG_ENABLE_OBJC_ARC = YES;
				CLANG_WARN_BLOCK_CAPTURE_AUTORELEASING = YES;
				CLANG_WARN_BOOL_CONVERSION = YES;
				CLANG_WARN_COMMA = YES;
				CLANG_WARN_CONSTANT_CONVERSION = YES;
				CLANG_WARN_DIRECT_OBJC_ISA_USAGE = YES_ERROR;
				CLANG_WARN_DOCUMENTATION_COMMENTS = YES;
				CLANG_WARN_EMPTY_BODY = YES;
				CLANG_WARN_ENUM_CONVERSION = YES;
				CLANG_WARN_INFINITE_RECURSION = YES;
				CLANG_WARN_INT_CONVERSION = YES;
				CLANG_WARN_NON_LITERAL_NULL_CONVERSION = YES;
				CLANG_WARN_OBJC_LITERAL_CONVERSION = YES;
				CLANG_WARN_OBJC_ROOT_CLASS = YES_ERROR;
				CLANG_WARN_RANGE_LOOP_ANALYSIS = YES;
				CLANG_WARN_STRICT_PROTOTYPES = YES;
				CLANG_WARN_SUSPICIOUS_MOVE = YES;
				CLANG_WARN_UNGUARDED_AVAILABILITY = YES_AGGRESSIVE;
				CLANG_WARN_UNREACHABLE_CODE = YES;
				CLANG_WARN__DUPLICATE_METHOD_MATCH = YES;
				CODE_SIGN_IDENTITY = "iPhone Developer";
				COPY_PHASE_STRIP = NO;
				DEBUG_INFORMATION_FORMAT = "dwarf-with-dsym";
				ENABLE_NS_ASSERTIONS = NO;
				ENABLE_STRICT_OBJC_MSGSEND = YES;
				GCC_C_LANGUAGE_STANDARD = gnu11;
				GCC_NO_COMMON_BLOCKS = YES;
				GCC_WARN_64_TO_32_BIT_CONVERSION = YES;
				GCC_WARN_ABOUT_RETURN_TYPE = YES_ERROR;
				GCC_WARN_UNDECLARED_SELECTOR = YES;
				GCC_WARN_UNINITIALIZED_AUTOS = YES_AGGRESSIVE;
				GCC_WARN_UNUSED_FUNCTION = YES;
				GCC_WARN_UNUSED_VARIABLE = YES;
				IPHONEOS_DEPLOYMENT_TARGET = 11.2;
				MTL_ENABLE_DEBUG_INFO = NO;
				SDKROOT = iphoneos;
				SWIFT_OPTIMIZATION_LEVEL = "-Owholemodule";
				VALIDATE_PRODUCT = YES;
			};
			name = Release;
		};
		9A50F900204FC86A0044DC67 /* Debug */ = {
			isa = XCBuildConfiguration;
			buildSettings = {
				ASSETCATALOG_COMPILER_APPICON_NAME = AppIcon;
				CODE_SIGN_STYLE = Automatic;
				DEVELOPMENT_TEAM = NUDB2357C9;
				INFOPLIST_FILE = "MVVM-Test/Info.plist";
				LD_RUNPATH_SEARCH_PATHS = "$(inherited) @executable_path/Frameworks";
				PRODUCT_BUNDLE_IDENTIFIER = "com.1ktower.snakepop.MVVM-Test";
				PRODUCT_NAME = "$(TARGET_NAME)";
				SWIFT_VERSION = 4.0;
				TARGETED_DEVICE_FAMILY = "1,2";
			};
			name = Debug;
		};
		9A50F901204FC86A0044DC67 /* Release */ = {
			isa = XCBuildConfiguration;
			buildSettings = {
				ASSETCATALOG_COMPILER_APPICON_NAME = AppIcon;
				CODE_SIGN_STYLE = Automatic;
				DEVELOPMENT_TEAM = NUDB2357C9;
				INFOPLIST_FILE = "MVVM-Test/Info.plist";
				LD_RUNPATH_SEARCH_PATHS = "$(inherited) @executable_path/Frameworks";
				PRODUCT_BUNDLE_IDENTIFIER = "com.1ktower.snakepop.MVVM-Test";
				PRODUCT_NAME = "$(TARGET_NAME)";
				SWIFT_VERSION = 4.0;
				TARGETED_DEVICE_FAMILY = "1,2";
			};
			name = Release;
		};
/* End XCBuildConfiguration section */

/* Begin XCConfigurationList section */
		9A50F8E8204FC86A0044DC67 /* Build configuration list for PBXProject "MVVM-Test" */ = {
			isa = XCConfigurationList;
			buildConfigurations = (
				9A50F8FD204FC86A0044DC67 /* Debug */,
				9A50F8FE204FC86A0044DC67 /* Release */,
			);
			defaultConfigurationIsVisible = 0;
			defaultConfigurationName = Release;
		};
		9A50F8FF204FC86A0044DC67 /* Build configuration list for PBXNativeTarget "MVVM-Test" */ = {
			isa = XCConfigurationList;
			buildConfigurations = (
				9A50F900204FC86A0044DC67 /* Debug */,
				9A50F901204FC86A0044DC67 /* Release */,
			);
			defaultConfigurationIsVisible = 0;
			defaultConfigurationName = Release;
		};
/* End XCConfigurationList section */
	};
	rootObject = 9A50F8E5204FC86A0044DC67 /* Project object */;
}
