// !$*UTF8*$!
{
	archiveVersion = 1;
	classes = {
	};
	objectVersion = 48;
	objects = {

/* Begin PBXBuildFile section */
		9AB8CEC91FF1E99000ECD501 /* AppDelegate.m in Sources */ = {isa = PBXBuildFile; fileRef = 9AB8CEC81FF1E99000ECD501 /* AppDelegate.m */; };
		9AB8CECC1FF1E99000ECD501 /* ViewController.m in Sources */ = {isa = PBXBuildFile; fileRef = 9AB8CECB1FF1E99000ECD501 /* ViewController.m */; };
		9AB8CECF1FF1E99000ECD501 /* Main.storyboard in Resources */ = {isa = PBXBuildFile; fileRef = 9AB8CECD1FF1E99000ECD501 /* Main.storyboard */; };
		9AB8CED11FF1E99000ECD501 /* Assets.xcassets in Resources */ = {isa = PBXBuildFile; fileRef = 9AB8CED01FF1E99000ECD501 /* Assets.xcassets */; };
		9AB8CED41FF1E99000ECD501 /* LaunchScreen.storyboard in Resources */ = {isa = PBXBuildFile; fileRef = 9AB8CED21FF1E99000ECD501 /* LaunchScreen.storyboard */; };
		9AB8CED71FF1E99000ECD501 /* main.m in Sources */ = {isa = PBXBuildFile; fileRef = 9AB8CED61FF1E99000ECD501 /* main.m */; };
		9AB8CEE01FF1E9D200ECD501 /* LCDAnimation.m in Sources */ = {isa = PBXBuildFile; fileRef = 9AB8CEDF1FF1E9D200ECD501 /* LCDAnimation.m */; };
		9AB8CEE31FF21D2C00ECD501 /* Gradient.m in Sources */ = {isa = PBXBuildFile; fileRef = 9AB8CEE21FF21D2C00ECD501 /* Gradient.m */; };
		9AB8CEE61FF2229B00ECD501 /* BezierPath.m in Sources */ = {isa = PBXBuildFile; fileRef = 9AB8CEE51FF2229B00ECD501 /* BezierPath.m */; };
		9AB8CEE81FF22A6100ECD501 /* 1024.png in Resources */ = {isa = PBXBuildFile; fileRef = 9AB8CEE71FF22A6100ECD501 /* 1024.png */; };
		9AB8CEEB1FF2331400ECD501 /* LiziAnimation.m in Sources */ = {isa = PBXBuildFile; fileRef = 9AB8CEEA1FF2331400ECD501 /* LiziAnimation.m */; };
		9AB8CEED1FF2358C00ECD501 /* 8.png in Resources */ = {isa = PBXBuildFile; fileRef = 9AB8CEEC1FF2358C00ECD501 /* 8.png */; };
		9AB8CEEF1FF23EF900ECD501 /* 1.png in Resources */ = {isa = PBXBuildFile; fileRef = 9AB8CEEE1FF23EF900ECD501 /* 1.png */; };
		9AB8CEF11FF23F0F00ECD501 /* 7.png in Resources */ = {isa = PBXBuildFile; fileRef = 9AB8CEF01FF23F0E00ECD501 /* 7.png */; };
		9AB8CEF31FF23F2300ECD501 /* 3.png in Resources */ = {isa = PBXBuildFile; fileRef = 9AB8CEF21FF23F2300ECD501 /* 3.png */; };
		9AB8CEF51FF23F4500ECD501 /* 2.png in Resources */ = {isa = PBXBuildFile; fileRef = 9AB8CEF41FF23F4500ECD501 /* 2.png */; };
		9AB8CEF71FF23F5900ECD501 /* 4.png in Resources */ = {isa = PBXBuildFile; fileRef = 9AB8CEF61FF23F5800ECD501 /* 4.png */; };
		9AB8CEF91FF23F7400ECD501 /* 5.png in Resources */ = {isa = PBXBuildFile; fileRef = 9AB8CEF81FF23F7400ECD501 /* 5.png */; };
		9AB8CEFB1FF23F8600ECD501 /* 6.png in Resources */ = {isa = PBXBuildFile; fileRef = 9AB8CEFA1FF23F8600ECD501 /* 6.png */; };
/* End PBXBuildFile section */

/* Begin PBXFileReference section */
		9AB8CEC41FF1E99000ECD501 /* LCDAnimation.app */ = {isa = PBXFileReference; explicitFileType = wrapper.application; includeInIndex = 0; path = LCDAnimation.app; sourceTree = BUILT_PRODUCTS_DIR; };
		9AB8CEC71FF1E99000ECD501 /* AppDelegate.h */ = {isa = PBXFileReference; lastKnownFileType = sourcecode.c.h; path = AppDelegate.h; sourceTree = "<group>"; };
		9AB8CEC81FF1E99000ECD501 /* AppDelegate.m */ = {isa = PBXFileReference; lastKnownFileType = sourcecode.c.objc; path = AppDelegate.m; sourceTree = "<group>"; };
		9AB8CECA1FF1E99000ECD501 /* ViewController.h */ = {isa = PBXFileReference; lastKnownFileType = sourcecode.c.h; path = ViewController.h; sourceTree = "<group>"; };
		9AB8CECB1FF1E99000ECD501 /* ViewController.m */ = {isa = PBXFileReference; lastKnownFileType = sourcecode.c.objc; path = ViewController.m; sourceTree = "<group>"; };
		9AB8CECE1FF1E99000ECD501 /* Base */ = {isa = PBXFileReference; lastKnownFileType = file.storyboard; name = Base; path = Base.lproj/Main.storyboard; sourceTree = "<group>"; };
		9AB8CED01FF1E99000ECD501 /* Assets.xcassets */ = {isa = PBXFileReference; lastKnownFileType = folder.assetcatalog; path = Assets.xcassets; sourceTree = "<group>"; };
		9AB8CED31FF1E99000ECD501 /* Base */ = {isa = PBXFileReference; lastKnownFileType = file.storyboard; name = Base; path = Base.lproj/LaunchScreen.storyboard; sourceTree = "<group>"; };
		9AB8CED51FF1E99000ECD501 /* Info.plist */ = {isa = PBXFileReference; lastKnownFileType = text.plist.xml; path = Info.plist; sourceTree = "<group>"; };
		9AB8CED61FF1E99000ECD501 /* main.m */ = {isa = PBXFileReference; lastKnownFileType = sourcecode.c.objc; path = main.m; sourceTree = "<group>"; };
		9AB8CEDE1FF1E9D200ECD501 /* LCDAnimation.h */ = {isa = PBXFileReference; lastKnownFileType = sourcecode.c.h; path = LCDAnimation.h; sourceTree = "<group>"; };
		9AB8CEDF1FF1E9D200ECD501 /* LCDAnimation.m */ = {isa = PBXFileReference; lastKnownFileType = sourcecode.c.objc; path = LCDAnimation.m; sourceTree = "<group>"; };
		9AB8CEE11FF21D2C00ECD501 /* Gradient.h */ = {isa = PBXFileReference; lastKnownFileType = sourcecode.c.h; path = Gradient.h; sourceTree = "<group>"; };
		9AB8CEE21FF21D2C00ECD501 /* Gradient.m */ = {isa = PBXFileReference; lastKnownFileType = sourcecode.c.objc; path = Gradient.m; sourceTree = "<group>"; };
		9AB8CEE41FF2229B00ECD501 /* BezierPath.h */ = {isa = PBXFileReference; lastKnownFileType = sourcecode.c.h; path = BezierPath.h; sourceTree = "<group>"; };
		9AB8CEE51FF2229B00ECD501 /* BezierPath.m */ = {isa = PBXFileReference; lastKnownFileType = sourcecode.c.objc; path = BezierPath.m; sourceTree = "<group>"; };
		9AB8CEE71FF22A6100ECD501 /* 1024.png */ = {isa = PBXFileReference; lastKnownFileType = image.png; path = 1024.png; sourceTree = "<group>"; };
		9AB8CEE91FF2331400ECD501 /* LiziAnimation.h */ = {isa = PBXFileReference; lastKnownFileType = sourcecode.c.h; path = LiziAnimation.h; sourceTree = "<group>"; };
		9AB8CEEA1FF2331400ECD501 /* LiziAnimation.m */ = {isa = PBXFileReference; lastKnownFileType = sourcecode.c.objc; path = LiziAnimation.m; sourceTree = "<group>"; };
		9AB8CEEC1FF2358C00ECD501 /* 8.png */ = {isa = PBXFileReference; lastKnownFileType = image.png; path = 8.png; sourceTree = "<group>"; };
		9AB8CEEE1FF23EF900ECD501 /* 1.png */ = {isa = PBXFileReference; lastKnownFileType = image.png; path = 1.png; sourceTree = "<group>"; };
		9AB8CEF01FF23F0E00ECD501 /* 7.png */ = {isa = PBXFileReference; lastKnownFileType = image.png; path = 7.png; sourceTree = "<group>"; };
		9AB8CEF21FF23F2300ECD501 /* 3.png */ = {isa = PBXFileReference; lastKnownFileType = image.png; name = 3.png; path = "../../../../workspace/素材/3.png"; sourceTree = "<group>"; };
		9AB8CEF41FF23F4500ECD501 /* 2.png */ = {isa = PBXFileReference; lastKnownFileType = image.png; path = 2.png; sourceTree = "<group>"; };
		9AB8CEF61FF23F5800ECD501 /* 4.png */ = {isa = PBXFileReference; lastKnownFileType = image.png; path = 4.png; sourceTree = "<group>"; };
		9AB8CEF81FF23F7400ECD501 /* 5.png */ = {isa = PBXFileReference; lastKnownFileType = image.png; path = 5.png; sourceTree = "<group>"; };
		9AB8CEFA1FF23F8600ECD501 /* 6.png */ = {isa = PBXFileReference; lastKnownFileType = image.png; path = 6.png; sourceTree = "<group>"; };
/* End PBXFileReference section */

/* Begin PBXFrameworksBuildPhase section */
		9AB8CEC11FF1E99000ECD501 /* Frameworks */ = {
			isa = PBXFrameworksBuildPhase;
			buildActionMask = 2147483647;
			files = (
			);
			runOnlyForDeploymentPostprocessing = 0;
		};
/* End PBXFrameworksBuildPhase section */

/* Begin PBXGroup section */
		9AB8CEBB1FF1E99000ECD501 = {
			isa = PBXGroup;
			children = (
				9AB8CEC61FF1E99000ECD501 /* LCDAnimation */,
				9AB8CEC51FF1E99000ECD501 /* Products */,
			);
			sourceTree = "<group>";
		};
		9AB8CEC51FF1E99000ECD501 /* Products */ = {
			isa = PBXGroup;
			children = (
				9AB8CEC41FF1E99000ECD501 /* LCDAnimation.app */,
			);
			name = Products;
			sourceTree = "<group>";
		};
		9AB8CEC61FF1E99000ECD501 /* LCDAnimation */ = {
			isa = PBXGroup;
			children = (
				9AB8CEDD1FF1E99C00ECD501 /* LCDDiy */,
				9AB8CEC71FF1E99000ECD501 /* AppDelegate.h */,
				9AB8CEC81FF1E99000ECD501 /* AppDelegate.m */,
				9AB8CECA1FF1E99000ECD501 /* ViewController.h */,
				9AB8CECB1FF1E99000ECD501 /* ViewController.m */,
				9AB8CEE91FF2331400ECD501 /* LiziAnimation.h */,
				9AB8CEEE1FF23EF900ECD501 /* 1.png */,
				9AB8CEF41FF23F4500ECD501 /* 2.png */,
				9AB8CEF21FF23F2300ECD501 /* 3.png */,
				9AB8CEF61FF23F5800ECD501 /* 4.png */,
				9AB8CEF81FF23F7400ECD501 /* 5.png */,
				9AB8CEFA1FF23F8600ECD501 /* 6.png */,
				9AB8CEEA1FF2331400ECD501 /* LiziAnimation.m */,
				9AB8CEF01FF23F0E00ECD501 /* 7.png */,
				9AB8CECD1FF1E99000ECD501 /* Main.storyboard */,
				9AB8CED01FF1E99000ECD501 /* Assets.xcassets */,
				9AB8CEEC1FF2358C00ECD501 /* 8.png */,
				9AB8CEE71FF22A6100ECD501 /* 1024.png */,
				9AB8CED21FF1E99000ECD501 /* LaunchScreen.storyboard */,
				9AB8CED51FF1E99000ECD501 /* Info.plist */,
				9AB8CED61FF1E99000ECD501 /* main.m */,
			);
			path = LCDAnimation;
			sourceTree = "<group>";
		};
		9AB8CEDD1FF1E99C00ECD501 /* LCDDiy */ = {
			isa = PBXGroup;
			children = (
				9AB8CEDE1FF1E9D200ECD501 /* LCDAnimation.h */,
				9AB8CEDF1FF1E9D200ECD501 /* LCDAnimation.m */,
				9AB8CEE11FF21D2C00ECD501 /* Gradient.h */,
				9AB8CEE21FF21D2C00ECD501 /* Gradient.m */,
				9AB8CEE41FF2229B00ECD501 /* BezierPath.h */,
				9AB8CEE51FF2229B00ECD501 /* BezierPath.m */,
			);
			path = LCDDiy;
			sourceTree = "<group>";
		};
/* End PBXGroup section */

/* Begin PBXNativeTarget section */
		9AB8CEC31FF1E99000ECD501 /* LCDAnimation */ = {
			isa = PBXNativeTarget;
			buildConfigurationList = 9AB8CEDA1FF1E99000ECD501 /* Build configuration list for PBXNativeTarget "LCDAnimation" */;
			buildPhases = (
				9AB8CEC01FF1E99000ECD501 /* Sources */,
				9AB8CEC11FF1E99000ECD501 /* Frameworks */,
				9AB8CEC21FF1E99000ECD501 /* Resources */,
			);
			buildRules = (
			);
			dependencies = (
			);
			name = LCDAnimation;
			productName = LCDAnimation;
			productReference = 9AB8CEC41FF1E99000ECD501 /* LCDAnimation.app */;
			productType = "com.apple.product-type.application";
		};
/* End PBXNativeTarget section */

/* Begin PBXProject section */
		9AB8CEBC1FF1E99000ECD501 /* Project object */ = {
			isa = PBXProject;
			attributes = {
				LastUpgradeCheck = 0920;
				ORGANIZATIONNAME = com.1ktower.snakepop;
				TargetAttributes = {
					9AB8CEC31FF1E99000ECD501 = {
						CreatedOnToolsVersion = 9.2;
						ProvisioningStyle = Automatic;
					};
				};
			};
			buildConfigurationList = 9AB8CEBF1FF1E99000ECD501 /* Build configuration list for PBXProject "LCDAnimation" */;
			compatibilityVersion = "Xcode 8.0";
			developmentRegion = en;
			hasScannedForEncodings = 0;
			knownRegions = (
				en,
				Base,
			);
			mainGroup = 9AB8CEBB1FF1E99000ECD501;
			productRefGroup = 9AB8CEC51FF1E99000ECD501 /* Products */;
			projectDirPath = "";
			projectRoot = "";
			targets = (
				9AB8CEC31FF1E99000ECD501 /* LCDAnimation */,
			);
		};
/* End PBXProject section */

/* Begin PBXResourcesBuildPhase section */
		9AB8CEC21FF1E99000ECD501 /* Resources */ = {
			isa = PBXResourcesBuildPhase;
			buildActionMask = 2147483647;
			files = (
				9AB8CEF51FF23F4500ECD501 /* 2.png in Resources */,
				9AB8CEEF1FF23EF900ECD501 /* 1.png in Resources */,
				9AB8CEED1FF2358C00ECD501 /* 8.png in Resources */,
				9AB8CEFB1FF23F8600ECD501 /* 6.png in Resources */,
				9AB8CED41FF1E99000ECD501 /* LaunchScreen.storyboard in Resources */,
				9AB8CED11FF1E99000ECD501 /* Assets.xcassets in Resources */,
				9AB8CEF11FF23F0F00ECD501 /* 7.png in Resources */,
				9AB8CEF31FF23F2300ECD501 /* 3.png in Resources */,
				9AB8CEE81FF22A6100ECD501 /* 1024.png in Resources */,
				9AB8CEF71FF23F5900ECD501 /* 4.png in Resources */,
				9AB8CECF1FF1E99000ECD501 /* Main.storyboard in Resources */,
				9AB8CEF91FF23F7400ECD501 /* 5.png in Resources */,
			);
			runOnlyForDeploymentPostprocessing = 0;
		};
/* End PBXResourcesBuildPhase section */

/* Begin PBXSourcesBuildPhase section */
		9AB8CEC01FF1E99000ECD501 /* Sources */ = {
			isa = PBXSourcesBuildPhase;
			buildActionMask = 2147483647;
			files = (
				9AB8CEE01FF1E9D200ECD501 /* LCDAnimation.m in Sources */,
				9AB8CECC1FF1E99000ECD501 /* ViewController.m in Sources */,
				9AB8CED71FF1E99000ECD501 /* main.m in Sources */,
				9AB8CEEB1FF2331400ECD501 /* LiziAnimation.m in Sources */,
				9AB8CEE61FF2229B00ECD501 /* BezierPath.m in Sources */,
				9AB8CEC91FF1E99000ECD501 /* AppDelegate.m in Sources */,
				9AB8CEE31FF21D2C00ECD501 /* Gradient.m in Sources */,
			);
			runOnlyForDeploymentPostprocessing = 0;
		};
/* End PBXSourcesBuildPhase section */

/* Begin PBXVariantGroup section */
		9AB8CECD1FF1E99000ECD501 /* Main.storyboard */ = {
			isa = PBXVariantGroup;
			children = (
				9AB8CECE1FF1E99000ECD501 /* Base */,
			);
			name = Main.storyboard;
			sourceTree = "<group>";
		};
		9AB8CED21FF1E99000ECD501 /* LaunchScreen.storyboard */ = {
			isa = PBXVariantGroup;
			children = (
				9AB8CED31FF1E99000ECD501 /* Base */,
			);
			name = LaunchScreen.storyboard;
			sourceTree = "<group>";
		};
/* End PBXVariantGroup section */

/* Begin XCBuildConfiguration section */
		9AB8CED81FF1E99000ECD501 /* Debug */ = {
			isa = XCBuildConfiguration;
			buildSettings = {
				ALWAYS_SEARCH_USER_PATHS = NO;
				CLANG_ANALYZER_NONNULL = YES;
				CLANG_ANALYZER_NUMBER_OBJECT_CONVERSION = YES_AGGRESSIVE;
				CLANG_CXX_LANGUAGE_STANDARD = "gnu++14";
				CLANG_CXX_LIBRARY = "libc++";
				CLANG_ENABLE_MODULES = YES;
				CLANG_ENABLE_OBJC_ARC = YES;
				CLANG_WARN_BLOCK_CAPTURE_AUTORELEASING = YES;
				CLANG_WARN_BOOL_CONVERSION = YES;
				CLANG_WARN_COMMA = YES;
				CLANG_WARN_CONSTANT_CONVERSION = YES;
				CLANG_WARN_DIRECT_OBJC_ISA_USAGE = YES_ERROR;
				CLANG_WARN_DOCUMENTATION_COMMENTS = YES;
				CLANG_WARN_EMPTY_BODY = YES;
				CLANG_WARN_ENUM_CONVERSION = YES;
				CLANG_WARN_INFINITE_RECURSION = YES;
				CLANG_WARN_INT_CONVERSION = YES;
				CLANG_WARN_NON_LITERAL_NULL_CONVERSION = YES;
				CLANG_WARN_OBJC_LITERAL_CONVERSION = YES;
				CLANG_WARN_OBJC_ROOT_CLASS = YES_ERROR;
				CLANG_WARN_RANGE_LOOP_ANALYSIS = YES;
				CLANG_WARN_STRICT_PROTOTYPES = YES;
				CLANG_WARN_SUSPICIOUS_MOVE = YES;
				CLANG_WARN_UNGUARDED_AVAILABILITY = YES_AGGRESSIVE;
				CLANG_WARN_UNREACHABLE_CODE = YES;
				CLANG_WARN__DUPLICATE_METHOD_MATCH = YES;
				CODE_SIGN_IDENTITY = "iPhone Developer";
				COPY_PHASE_STRIP = NO;
				DEBUG_INFORMATION_FORMAT = dwarf;
				ENABLE_STRICT_OBJC_MSGSEND = YES;
				ENABLE_TESTABILITY = YES;
				GCC_C_LANGUAGE_STANDARD = gnu11;
				GCC_DYNAMIC_NO_PIC = NO;
				GCC_NO_COMMON_BLOCKS = YES;
				GCC_OPTIMIZATION_LEVEL = 0;
				GCC_PREPROCESSOR_DEFINITIONS = (
					"DEBUG=1",
					"$(inherited)",
				);
				GCC_WARN_64_TO_32_BIT_CONVERSION = YES;
				GCC_WARN_ABOUT_RETURN_TYPE = YES_ERROR;
				GCC_WARN_UNDECLARED_SELECTOR = YES;
				GCC_WARN_UNINITIALIZED_AUTOS = YES_AGGRESSIVE;
				GCC_WARN_UNUSED_FUNCTION = YES;
				GCC_WARN_UNUSED_VARIABLE = YES;
				IPHONEOS_DEPLOYMENT_TARGET = 11.2;
				MTL_ENABLE_DEBUG_INFO = YES;
				ONLY_ACTIVE_ARCH = YES;
				SDKROOT = iphoneos;
			};
			name = Debug;
		};
		9AB8CED91FF1E99000ECD501 /* Release */ = {
			isa = XCBuildConfiguration;
			buildSettings = {
				ALWAYS_SEARCH_USER_PATHS = NO;
				CLANG_ANALYZER_NONNULL = YES;
				CLANG_ANALYZER_NUMBER_OBJECT_CONVERSION = YES_AGGRESSIVE;
				CLANG_CXX_LANGUAGE_STANDARD = "gnu++14";
				CLANG_CXX_LIBRARY = "libc++";
				CLANG_ENABLE_MODULES = YES;
				CLANG_ENABLE_OBJC_ARC = YES;
				CLANG_WARN_BLOCK_CAPTURE_AUTORELEASING = YES;
				CLANG_WARN_BOOL_CONVERSION = YES;
				CLANG_WARN_COMMA = YES;
				CLANG_WARN_CONSTANT_CONVERSION = YES;
				CLANG_WARN_DIRECT_OBJC_ISA_USAGE = YES_ERROR;
				CLANG_WARN_DOCUMENTATION_COMMENTS = YES;
				CLANG_WARN_EMPTY_BODY = YES;
				CLANG_WARN_ENUM_CONVERSION = YES;
				CLANG_WARN_INFINITE_RECURSION = YES;
				CLANG_WARN_INT_CONVERSION = YES;
				CLANG_WARN_NON_LITERAL_NULL_CONVERSION = YES;
				CLANG_WARN_OBJC_LITERAL_CONVERSION = YES;
				CLANG_WARN_OBJC_ROOT_CLASS = YES_ERROR;
				CLANG_WARN_RANGE_LOOP_ANALYSIS = YES;
				CLANG_WARN_STRICT_PROTOTYPES = YES;
				CLANG_WARN_SUSPICIOUS_MOVE = YES;
				CLANG_WARN_UNGUARDED_AVAILABILITY = YES_AGGRESSIVE;
				CLANG_WARN_UNREACHABLE_CODE = YES;
				CLANG_WARN__DUPLICATE_METHOD_MATCH = YES;
				CODE_SIGN_IDENTITY = "iPhone Developer";
				COPY_PHASE_STRIP = NO;
				DEBUG_INFORMATION_FORMAT = "dwarf-with-dsym";
				ENABLE_NS_ASSERTIONS = NO;
				ENABLE_STRICT_OBJC_MSGSEND = YES;
				GCC_C_LANGUAGE_STANDARD = gnu11;
				GCC_NO_COMMON_BLOCKS = YES;
				GCC_WARN_64_TO_32_BIT_CONVERSION = YES;
				GCC_WARN_ABOUT_RETURN_TYPE = YES_ERROR;
				GCC_WARN_UNDECLARED_SELECTOR = YES;
				GCC_WARN_UNINITIALIZED_AUTOS = YES_AGGRESSIVE;
				GCC_WARN_UNUSED_FUNCTION = YES;
				GCC_WARN_UNUSED_VARIABLE = YES;
				IPHONEOS_DEPLOYMENT_TARGET = 11.2;
				MTL_ENABLE_DEBUG_INFO = NO;
				SDKROOT = iphoneos;
				VALIDATE_PRODUCT = YES;
			};
			name = Release;
		};
		9AB8CEDB1FF1E99000ECD501 /* Debug */ = {
			isa = XCBuildConfiguration;
			buildSettings = {
				ASSETCATALOG_COMPILER_APPICON_NAME = AppIcon;
				CODE_SIGN_STYLE = Automatic;
				DEVELOPMENT_TEAM = KY976W2GUP;
				INFOPLIST_FILE = LCDAnimation/Info.plist;
				LD_RUNPATH_SEARCH_PATHS = "$(inherited) @executable_path/Frameworks";
				PRODUCT_BUNDLE_IDENTIFIER = com.1ktower.snakepop.LCDAnimation;
				PRODUCT_NAME = "$(TARGET_NAME)";
				TARGETED_DEVICE_FAMILY = "1,2";
			};
			name = Debug;
		};
		9AB8CEDC1FF1E99000ECD501 /* Release */ = {
			isa = XCBuildConfiguration;
			buildSettings = {
				ASSETCATALOG_COMPILER_APPICON_NAME = AppIcon;
				CODE_SIGN_STYLE = Automatic;
				DEVELOPMENT_TEAM = KY976W2GUP;
				INFOPLIST_FILE = LCDAnimation/Info.plist;
				LD_RUNPATH_SEARCH_PATHS = "$(inherited) @executable_path/Frameworks";
				PRODUCT_BUNDLE_IDENTIFIER = com.1ktower.snakepop.LCDAnimation;
				PRODUCT_NAME = "$(TARGET_NAME)";
				TARGETED_DEVICE_FAMILY = "1,2";
			};
			name = Release;
		};
/* End XCBuildConfiguration section */

/* Begin XCConfigurationList section */
		9AB8CEBF1FF1E99000ECD501 /* Build configuration list for PBXProject "LCDAnimation" */ = {
			isa = XCConfigurationList;
			buildConfigurations = (
				9AB8CED81FF1E99000ECD501 /* Debug */,
				9AB8CED91FF1E99000ECD501 /* Release */,
			);
			defaultConfigurationIsVisible = 0;
			defaultConfigurationName = Release;
		};
		9AB8CEDA1FF1E99000ECD501 /* Build configuration list for PBXNativeTarget "LCDAnimation" */ = {
			isa = XCConfigurationList;
			buildConfigurations = (
				9AB8CEDB1FF1E99000ECD501 /* Debug */,
				9AB8CEDC1FF1E99000ECD501 /* Release */,
			);
			defaultConfigurationIsVisible = 0;
			defaultConfigurationName = Release;
		};
/* End XCConfigurationList section */
	};
	rootObject = 9AB8CEBC1FF1E99000ECD501 /* Project object */;
}
