// !$*UTF8*$!
{
	archiveVersion = 1;
	classes = {
	};
	objectVersion = 46;
	objects = {

/* Begin PBXBuildFile section */
		67F400F0A2B4B175F13E7904 /* Pods_SwiftLearning.framework in Frameworks */ = {isa = PBXBuildFile; fileRef = F1A3AA8A30C23A8FAEB2B0A4 /* Pods_SwiftLearning.framework */; };
		9A06CF1D1F4FB79B000AC087 /* View.xib in Resources */ = {isa = PBXBuildFile; fileRef = 9A06CF1C1F4FB79B000AC087 /* View.xib */; };
		9A06CF1F1F4FC8CE000AC087 /* Storyboard.storyboard in Resources */ = {isa = PBXBuildFile; fileRef = 9A06CF1E1F4FC8CE000AC087 /* Storyboard.storyboard */; };
		9A0B51AA1F4FF5380085A4F0 /* Data.plist in Resources */ = {isa = PBXBuildFile; fileRef = 9A0B51A91F4FF5380085A4F0 /* Data.plist */; };
		9A464E4A1F063BC700482C2F /* 0.png in Resources */ = {isa = PBXBuildFile; fileRef = 9A464E411F063BC700482C2F /* 0.png */; };
		9A464E4B1F063BC700482C2F /* 1.png in Resources */ = {isa = PBXBuildFile; fileRef = 9A464E421F063BC700482C2F /* 1.png */; };
		9A464E4C1F063BC700482C2F /* 2.png in Resources */ = {isa = PBXBuildFile; fileRef = 9A464E431F063BC700482C2F /* 2.png */; };
		9A464E4D1F063BC700482C2F /* 3.png in Resources */ = {isa = PBXBuildFile; fileRef = 9A464E441F063BC700482C2F /* 3.png */; };
		9A464E4E1F063BC700482C2F /* 4.png in Resources */ = {isa = PBXBuildFile; fileRef = 9A464E451F063BC700482C2F /* 4.png */; };
		9A464E4F1F063BC700482C2F /* 5.png in Resources */ = {isa = PBXBuildFile; fileRef = 9A464E461F063BC700482C2F /* 5.png */; };
		9A464E501F063BC700482C2F /* 6.png in Resources */ = {isa = PBXBuildFile; fileRef = 9A464E471F063BC700482C2F /* 6.png */; };
		9A464E511F063BC700482C2F /* 7.png in Resources */ = {isa = PBXBuildFile; fileRef = 9A464E481F063BC700482C2F /* 7.png */; };
		9A464E521F063BC700482C2F /* 8.png in Resources */ = {isa = PBXBuildFile; fileRef = 9A464E491F063BC700482C2F /* 8.png */; };
		9A4B3B641F98885800FB7DF6 /* TransitionAnimation.m in Sources */ = {isa = PBXBuildFile; fileRef = 9A4B3B631F98885800FB7DF6 /* TransitionAnimation.m */; };
		9A4EEB47204141FA00E454E5 /* AssetsLibrary.framework in Frameworks */ = {isa = PBXBuildFile; fileRef = 9A4EEB46204141FA00E454E5 /* AssetsLibrary.framework */; };
		9A52E9621F41DE0100C10818 /* TypeFirst.swift in Sources */ = {isa = PBXBuildFile; fileRef = 9A52E9611F41DE0100C10818 /* TypeFirst.swift */; };
		9A59B6FF1F9D9E820074B349 /* MapView.m in Sources */ = {isa = PBXBuildFile; fileRef = 9A59B6FE1F9D9E820074B349 /* MapView.m */; };
		9A60A16E1FD8DE6500EFE69A /* Lock.m in Sources */ = {isa = PBXBuildFile; fileRef = 9A60A16D1FD8DE6500EFE69A /* Lock.m */; };
		9A621090202C29DB005A8DED /* UIBezierPath+DrawPentagon.m in Sources */ = {isa = PBXBuildFile; fileRef = 9A62108F202C29DB005A8DED /* UIBezierPath+DrawPentagon.m */; };
		9A6388522011F1C3000655B4 /* CircleView.swift in Sources */ = {isa = PBXBuildFile; fileRef = 9A6388512011F1C3000655B4 /* CircleView.swift */; };
		9A6401C11FB9779700B03C7A /* RunTime.m in Sources */ = {isa = PBXBuildFile; fileRef = 9A6401C01FB9779700B03C7A /* RunTime.m */; };
		9A6401C41FB98A8000B03C7A /* Block.m in Sources */ = {isa = PBXBuildFile; fileRef = 9A6401C31FB98A8000B03C7A /* Block.m */; };
		9A7266A120030AC700B54426 /* InterView.m in Sources */ = {isa = PBXBuildFile; fileRef = 9A7266A020030AC700B54426 /* InterView.m */; };
		9A7802002057BB3000FD1252 /* NestedTypes.swift in Sources */ = {isa = PBXBuildFile; fileRef = 9A7801FF2057BB2F00FD1252 /* NestedTypes.swift */; };
		9A7B2F9B1F9F123000F76CE1 /* ImageProcess.m in Sources */ = {isa = PBXBuildFile; fileRef = 9A7B2F9A1F9F123000F76CE1 /* ImageProcess.m */; };
		9A8441941FE0CE18000562E3 /* DBTest.m in Sources */ = {isa = PBXBuildFile; fileRef = 9A8441931FE0CE18000562E3 /* DBTest.m */; };
		9A8446181FE10238000562E3 /* Student.m in Sources */ = {isa = PBXBuildFile; fileRef = 9A8446171FE10238000562E3 /* Student.m */; };
		9A84461B1FE13748000562E3 /* Knoweledge.m in Sources */ = {isa = PBXBuildFile; fileRef = 9A84461A1FE13748000562E3 /* Knoweledge.m */; };
		9AA584B120513CB60075FC06 /* FileHandler.m in Sources */ = {isa = PBXBuildFile; fileRef = 9AA584B020513CB60075FC06 /* FileHandler.m */; };
		9AA584B42051421D0075FC06 /* SingleFile.m in Sources */ = {isa = PBXBuildFile; fileRef = 9AA584B32051421D0075FC06 /* SingleFile.m */; };
		9ACBA6111F4FF1440055052A /* Relaxation.swift in Sources */ = {isa = PBXBuildFile; fileRef = 9ACBA6101F4FF1440055052A /* Relaxation.swift */; };
		9ACDF9342015826300FF7895 /* String+StringHeight.swift in Sources */ = {isa = PBXBuildFile; fileRef = 9ACDF9332015826300FF7895 /* String+StringHeight.swift */; };
		9ACDF93720158FA100FF7895 /* UIApplication+CurrentVC.m in Sources */ = {isa = PBXBuildFile; fileRef = 9ACDF93620158FA100FF7895 /* UIApplication+CurrentVC.m */; };
		9ACE10BD2010808F000DA7D5 /* Dispatch.swift in Sources */ = {isa = PBXBuildFile; fileRef = 9ACE10BC2010808F000DA7D5 /* Dispatch.swift */; };
		9ACE9AD2200473A200DB49A6 /* EffectView.m in Sources */ = {isa = PBXBuildFile; fileRef = 9ACE9AD1200473A200DB49A6 /* EffectView.m */; };
		9ACE9AD42004B2F000DB49A6 /* NewFeature.swift in Sources */ = {isa = PBXBuildFile; fileRef = 9ACE9AD32004B2F000DB49A6 /* NewFeature.swift */; };
		9AD677AA1FA6F5BE005756AA /* AnimationViewController.m in Sources */ = {isa = PBXBuildFile; fileRef = 9AD677A91FA6F5BE005756AA /* AnimationViewController.m */; };
		9ADB3BCC1FEB907400290FAD /* DropAndDrag.m in Sources */ = {isa = PBXBuildFile; fileRef = 9ADB3BCB1FEB907400290FAD /* DropAndDrag.m */; };
		9AE0989220859671005663F1 /* WKWeb.swift in Sources */ = {isa = PBXBuildFile; fileRef = 9AE0989120859671005663F1 /* WKWeb.swift */; };
		9AE79DA61FE2211D003D366A /* Subscript.swift in Sources */ = {isa = PBXBuildFile; fileRef = 9AE79DA51FE2211D003D366A /* Subscript.swift */; };
		9AE79FB61FE27054003D366A /* Contacts.framework in Frameworks */ = {isa = PBXBuildFile; fileRef = 9AE79FB51FE27048003D366A /* Contacts.framework */; };
		9AF076911F189BC00075A9B4 /* Singleton.swift in Sources */ = {isa = PBXBuildFile; fileRef = 9AF076901F189BC00075A9B4 /* Singleton.swift */; };
		9AF537291F5E4854004DD7D1 /* BridgeOC.m in Sources */ = {isa = PBXBuildFile; fileRef = 9AF537281F5E4854004DD7D1 /* BridgeOC.m */; };
		9AF5372F1F5EAC1D004DD7D1 /* Arithmetic.m in Sources */ = {isa = PBXBuildFile; fileRef = 9AF5372E1F5EAC1D004DD7D1 /* Arithmetic.m */; };
		9AF710AC1F04E6320029135E /* AppDelegate.swift in Sources */ = {isa = PBXBuildFile; fileRef = 9AF710AB1F04E6320029135E /* AppDelegate.swift */; };
		9AF710AE1F04E6320029135E /* ViewController.swift in Sources */ = {isa = PBXBuildFile; fileRef = 9AF710AD1F04E6320029135E /* ViewController.swift */; };
		9AF710B11F04E6320029135E /* Main.storyboard in Resources */ = {isa = PBXBuildFile; fileRef = 9AF710AF1F04E6320029135E /* Main.storyboard */; };
		9AF710B31F04E6320029135E /* Assets.xcassets in Resources */ = {isa = PBXBuildFile; fileRef = 9AF710B21F04E6320029135E /* Assets.xcassets */; };
		9AF710B61F04E6320029135E /* LaunchScreen.storyboard in Resources */ = {isa = PBXBuildFile; fileRef = 9AF710B41F04E6320029135E /* LaunchScreen.storyboard */; };
		9AF710BE1F04EF330029135E /* TimeShaft.swift in Sources */ = {isa = PBXBuildFile; fileRef = 9AF710BD1F04EF330029135E /* TimeShaft.swift */; };
/* End PBXBuildFile section */

/* Begin PBXFileReference section */
		8D697121AAAFD7B8C42E15DC /* Pods-SwiftLearning.debug.xcconfig */ = {isa = PBXFileReference; includeInIndex = 1; lastKnownFileType = text.xcconfig; name = "Pods-SwiftLearning.debug.xcconfig"; path = "Pods/Target Support Files/Pods-SwiftLearning/Pods-SwiftLearning.debug.xcconfig"; sourceTree = "<group>"; };
		9A06CF1C1F4FB79B000AC087 /* View.xib */ = {isa = PBXFileReference; fileEncoding = 4; lastKnownFileType = file.xib; path = View.xib; sourceTree = "<group>"; };
		9A06CF1E1F4FC8CE000AC087 /* Storyboard.storyboard */ = {isa = PBXFileReference; fileEncoding = 4; lastKnownFileType = file.storyboard; path = Storyboard.storyboard; sourceTree = "<group>"; };
		9A0B51A91F4FF5380085A4F0 /* Data.plist */ = {isa = PBXFileReference; fileEncoding = 4; lastKnownFileType = text.plist.xml; path = Data.plist; sourceTree = "<group>"; };
		9A464E411F063BC700482C2F /* 0.png */ = {isa = PBXFileReference; lastKnownFileType = image.png; path = 0.png; sourceTree = "<group>"; };
		9A464E421F063BC700482C2F /* 1.png */ = {isa = PBXFileReference; lastKnownFileType = image.png; path = 1.png; sourceTree = "<group>"; };
		9A464E431F063BC700482C2F /* 2.png */ = {isa = PBXFileReference; lastKnownFileType = image.png; path = 2.png; sourceTree = "<group>"; };
		9A464E441F063BC700482C2F /* 3.png */ = {isa = PBXFileReference; lastKnownFileType = image.png; path = 3.png; sourceTree = "<group>"; };
		9A464E451F063BC700482C2F /* 4.png */ = {isa = PBXFileReference; lastKnownFileType = image.png; path = 4.png; sourceTree = "<group>"; };
		9A464E461F063BC700482C2F /* 5.png */ = {isa = PBXFileReference; lastKnownFileType = image.png; path = 5.png; sourceTree = "<group>"; };
		9A464E471F063BC700482C2F /* 6.png */ = {isa = PBXFileReference; lastKnownFileType = image.png; path = 6.png; sourceTree = "<group>"; };
		9A464E481F063BC700482C2F /* 7.png */ = {isa = PBXFileReference; lastKnownFileType = image.png; path = 7.png; sourceTree = "<group>"; };
		9A464E491F063BC700482C2F /* 8.png */ = {isa = PBXFileReference; lastKnownFileType = image.png; path = 8.png; sourceTree = "<group>"; };
		9A4B3B621F98885800FB7DF6 /* TransitionAnimation.h */ = {isa = PBXFileReference; lastKnownFileType = sourcecode.c.h; path = TransitionAnimation.h; sourceTree = "<group>"; };
		9A4B3B631F98885800FB7DF6 /* TransitionAnimation.m */ = {isa = PBXFileReference; lastKnownFileType = sourcecode.c.objc; path = TransitionAnimation.m; sourceTree = "<group>"; };
		9A4EEB46204141FA00E454E5 /* AssetsLibrary.framework */ = {isa = PBXFileReference; lastKnownFileType = wrapper.framework; name = AssetsLibrary.framework; path = System/Library/Frameworks/AssetsLibrary.framework; sourceTree = SDKROOT; };
		9A52E9611F41DE0100C10818 /* TypeFirst.swift */ = {isa = PBXFileReference; fileEncoding = 4; lastKnownFileType = sourcecode.swift; path = TypeFirst.swift; sourceTree = "<group>"; };
		9A59B6FD1F9D9E820074B349 /* MapView.h */ = {isa = PBXFileReference; lastKnownFileType = sourcecode.c.h; path = MapView.h; sourceTree = "<group>"; };
		9A59B6FE1F9D9E820074B349 /* MapView.m */ = {isa = PBXFileReference; lastKnownFileType = sourcecode.c.objc; path = MapView.m; sourceTree = "<group>"; };
		9A60A16C1FD8DE6500EFE69A /* Lock.h */ = {isa = PBXFileReference; lastKnownFileType = sourcecode.c.h; path = Lock.h; sourceTree = "<group>"; };
		9A60A16D1FD8DE6500EFE69A /* Lock.m */ = {isa = PBXFileReference; lastKnownFileType = sourcecode.c.objc; path = Lock.m; sourceTree = "<group>"; };
		9A62108E202C29DB005A8DED /* UIBezierPath+DrawPentagon.h */ = {isa = PBXFileReference; lastKnownFileType = sourcecode.c.h; path = "UIBezierPath+DrawPentagon.h"; sourceTree = "<group>"; };
		9A62108F202C29DB005A8DED /* UIBezierPath+DrawPentagon.m */ = {isa = PBXFileReference; lastKnownFileType = sourcecode.c.objc; path = "UIBezierPath+DrawPentagon.m"; sourceTree = "<group>"; };
		9A6388512011F1C3000655B4 /* CircleView.swift */ = {isa = PBXFileReference; lastKnownFileType = sourcecode.swift; path = CircleView.swift; sourceTree = "<group>"; };
		9A6401BF1FB9779700B03C7A /* RunTime.h */ = {isa = PBXFileReference; lastKnownFileType = sourcecode.c.h; path = RunTime.h; sourceTree = "<group>"; };
		9A6401C01FB9779700B03C7A /* RunTime.m */ = {isa = PBXFileReference; lastKnownFileType = sourcecode.c.objc; path = RunTime.m; sourceTree = "<group>"; };
		9A6401C21FB98A8000B03C7A /* Block.h */ = {isa = PBXFileReference; lastKnownFileType = sourcecode.c.h; path = Block.h; sourceTree = "<group>"; };
		9A6401C31FB98A8000B03C7A /* Block.m */ = {isa = PBXFileReference; lastKnownFileType = sourcecode.c.objc; path = Block.m; sourceTree = "<group>"; };
		9A72669F20030AC700B54426 /* InterView.h */ = {isa = PBXFileReference; lastKnownFileType = sourcecode.c.h; path = InterView.h; sourceTree = "<group>"; };
		9A7266A020030AC700B54426 /* InterView.m */ = {isa = PBXFileReference; lastKnownFileType = sourcecode.c.objc; path = InterView.m; sourceTree = "<group>"; };
		9A7801FF2057BB2F00FD1252 /* NestedTypes.swift */ = {isa = PBXFileReference; lastKnownFileType = sourcecode.swift; path = NestedTypes.swift; sourceTree = "<group>"; };
		9A7B2F991F9F123000F76CE1 /* ImageProcess.h */ = {isa = PBXFileReference; lastKnownFileType = sourcecode.c.h; path = ImageProcess.h; sourceTree = "<group>"; };
		9A7B2F9A1F9F123000F76CE1 /* ImageProcess.m */ = {isa = PBXFileReference; lastKnownFileType = sourcecode.c.objc; path = ImageProcess.m; sourceTree = "<group>"; };
		9A84418E1FE0CB0F000562E3 /* libsqlite3.0.tbd */ = {isa = PBXFileReference; lastKnownFileType = "sourcecode.text-based-dylib-definition"; name = libsqlite3.0.tbd; path = usr/lib/libsqlite3.0.tbd; sourceTree = SDKROOT; };
		9A8441921FE0CE18000562E3 /* DBTest.h */ = {isa = PBXFileReference; lastKnownFileType = sourcecode.c.h; path = DBTest.h; sourceTree = "<group>"; };
		9A8441931FE0CE18000562E3 /* DBTest.m */ = {isa = PBXFileReference; lastKnownFileType = sourcecode.c.objc; path = DBTest.m; sourceTree = "<group>"; };
		9A8446161FE10238000562E3 /* Student.h */ = {isa = PBXFileReference; lastKnownFileType = sourcecode.c.h; path = Student.h; sourceTree = "<group>"; };
		9A8446171FE10238000562E3 /* Student.m */ = {isa = PBXFileReference; lastKnownFileType = sourcecode.c.objc; path = Student.m; sourceTree = "<group>"; };
		9A8446191FE13748000562E3 /* Knoweledge.h */ = {isa = PBXFileReference; lastKnownFileType = sourcecode.c.h; path = Knoweledge.h; sourceTree = "<group>"; };
		9A84461A1FE13748000562E3 /* Knoweledge.m */ = {isa = PBXFileReference; lastKnownFileType = sourcecode.c.objc; path = Knoweledge.m; sourceTree = "<group>"; };
		9AA584AF20513CB60075FC06 /* FileHandler.h */ = {isa = PBXFileReference; lastKnownFileType = sourcecode.c.h; path = FileHandler.h; sourceTree = "<group>"; };
		9AA584B020513CB60075FC06 /* FileHandler.m */ = {isa = PBXFileReference; lastKnownFileType = sourcecode.c.objc; path = FileHandler.m; sourceTree = "<group>"; };
		9AA584B22051421D0075FC06 /* SingleFile.h */ = {isa = PBXFileReference; lastKnownFileType = sourcecode.c.h; path = SingleFile.h; sourceTree = "<group>"; };
		9AA584B32051421D0075FC06 /* SingleFile.m */ = {isa = PBXFileReference; lastKnownFileType = sourcecode.c.objc; path = SingleFile.m; sourceTree = "<group>"; };
		9ACBA6101F4FF1440055052A /* Relaxation.swift */ = {isa = PBXFileReference; fileEncoding = 4; lastKnownFileType = sourcecode.swift; path = Relaxation.swift; sourceTree = "<group>"; };
		9ACDF9332015826300FF7895 /* String+StringHeight.swift */ = {isa = PBXFileReference; lastKnownFileType = sourcecode.swift; path = "String+StringHeight.swift"; sourceTree = "<group>"; };
		9ACDF93520158FA100FF7895 /* UIApplication+CurrentVC.h */ = {isa = PBXFileReference; lastKnownFileType = sourcecode.c.h; path = "UIApplication+CurrentVC.h"; sourceTree = "<group>"; };
		9ACDF93620158FA100FF7895 /* UIApplication+CurrentVC.m */ = {isa = PBXFileReference; lastKnownFileType = sourcecode.c.objc; path = "UIApplication+CurrentVC.m"; sourceTree = "<group>"; };
		9ACE10BC2010808F000DA7D5 /* Dispatch.swift */ = {isa = PBXFileReference; lastKnownFileType = sourcecode.swift; path = Dispatch.swift; sourceTree = "<group>"; };
		9ACE9AD0200473A200DB49A6 /* EffectView.h */ = {isa = PBXFileReference; lastKnownFileType = sourcecode.c.h; path = EffectView.h; sourceTree = "<group>"; };
		9ACE9AD1200473A200DB49A6 /* EffectView.m */ = {isa = PBXFileReference; lastKnownFileType = sourcecode.c.objc; path = EffectView.m; sourceTree = "<group>"; };
		9ACE9AD32004B2F000DB49A6 /* NewFeature.swift */ = {isa = PBXFileReference; lastKnownFileType = sourcecode.swift; path = NewFeature.swift; sourceTree = "<group>"; };
		9AD677A81FA6F5BE005756AA /* AnimationViewController.h */ = {isa = PBXFileReference; lastKnownFileType = sourcecode.c.h; path = AnimationViewController.h; sourceTree = "<group>"; };
		9AD677A91FA6F5BE005756AA /* AnimationViewController.m */ = {isa = PBXFileReference; lastKnownFileType = sourcecode.c.objc; path = AnimationViewController.m; sourceTree = "<group>"; };
		9ADB3BCA1FEB907400290FAD /* DropAndDrag.h */ = {isa = PBXFileReference; lastKnownFileType = sourcecode.c.h; path = DropAndDrag.h; sourceTree = "<group>"; };
		9ADB3BCB1FEB907400290FAD /* DropAndDrag.m */ = {isa = PBXFileReference; lastKnownFileType = sourcecode.c.objc; path = DropAndDrag.m; sourceTree = "<group>"; };
		9AE0989120859671005663F1 /* WKWeb.swift */ = {isa = PBXFileReference; lastKnownFileType = sourcecode.swift; path = WKWeb.swift; sourceTree = "<group>"; };
		9AE79DA51FE2211D003D366A /* Subscript.swift */ = {isa = PBXFileReference; fileEncoding = 4; lastKnownFileType = sourcecode.swift; path = Subscript.swift; sourceTree = "<group>"; };
		9AE79FB51FE27048003D366A /* Contacts.framework */ = {isa = PBXFileReference; lastKnownFileType = wrapper.framework; name = Contacts.framework; path = System/Library/Frameworks/Contacts.framework; sourceTree = SDKROOT; };
		9AF076901F189BC00075A9B4 /* Singleton.swift */ = {isa = PBXFileReference; fileEncoding = 4; lastKnownFileType = sourcecode.swift; path = Singleton.swift; sourceTree = "<group>"; };
		9AF537271F5E4854004DD7D1 /* BridgeOC.h */ = {isa = PBXFileReference; fileEncoding = 4; lastKnownFileType = sourcecode.c.h; path = BridgeOC.h; sourceTree = "<group>"; };
		9AF537281F5E4854004DD7D1 /* BridgeOC.m */ = {isa = PBXFileReference; fileEncoding = 4; lastKnownFileType = sourcecode.c.objc; path = BridgeOC.m; sourceTree = "<group>"; };
		9AF5372C1F5E49F7004DD7D1 /* Header.h */ = {isa = PBXFileReference; fileEncoding = 4; lastKnownFileType = sourcecode.c.h; path = Header.h; sourceTree = "<group>"; };
		9AF5372D1F5EAC1D004DD7D1 /* Arithmetic.h */ = {isa = PBXFileReference; fileEncoding = 4; lastKnownFileType = sourcecode.c.h; path = Arithmetic.h; sourceTree = "<group>"; };
		9AF5372E1F5EAC1D004DD7D1 /* Arithmetic.m */ = {isa = PBXFileReference; fileEncoding = 4; lastKnownFileType = sourcecode.c.objc; path = Arithmetic.m; sourceTree = "<group>"; };
		9AF710A81F04E6320029135E /* SwiftLearning.app */ = {isa = PBXFileReference; explicitFileType = wrapper.application; includeInIndex = 0; path = SwiftLearning.app; sourceTree = BUILT_PRODUCTS_DIR; };
		9AF710AB1F04E6320029135E /* AppDelegate.swift */ = {isa = PBXFileReference; lastKnownFileType = sourcecode.swift; path = AppDelegate.swift; sourceTree = "<group>"; };
		9AF710AD1F04E6320029135E /* ViewController.swift */ = {isa = PBXFileReference; lastKnownFileType = sourcecode.swift; path = ViewController.swift; sourceTree = "<group>"; };
		9AF710B01F04E6320029135E /* Base */ = {isa = PBXFileReference; lastKnownFileType = file.storyboard; name = Base; path = Base.lproj/Main.storyboard; sourceTree = "<group>"; };
		9AF710B21F04E6320029135E /* Assets.xcassets */ = {isa = PBXFileReference; lastKnownFileType = folder.assetcatalog; path = Assets.xcassets; sourceTree = "<group>"; };
		9AF710B51F04E6320029135E /* Base */ = {isa = PBXFileReference; lastKnownFileType = file.storyboard; name = Base; path = Base.lproj/LaunchScreen.storyboard; sourceTree = "<group>"; };
		9AF710B71F04E6320029135E /* Info.plist */ = {isa = PBXFileReference; lastKnownFileType = text.plist.xml; path = Info.plist; sourceTree = "<group>"; };
		9AF710BD1F04EF330029135E /* TimeShaft.swift */ = {isa = PBXFileReference; fileEncoding = 4; lastKnownFileType = sourcecode.swift; path = TimeShaft.swift; sourceTree = "<group>"; };
		BD1AA4655B42B9598F4D0DDD /* Pods-SwiftLearning.release.xcconfig */ = {isa = PBXFileReference; includeInIndex = 1; lastKnownFileType = text.xcconfig; name = "Pods-SwiftLearning.release.xcconfig"; path = "Pods/Target Support Files/Pods-SwiftLearning/Pods-SwiftLearning.release.xcconfig"; sourceTree = "<group>"; };
		F1A3AA8A30C23A8FAEB2B0A4 /* Pods_SwiftLearning.framework */ = {isa = PBXFileReference; explicitFileType = wrapper.framework; includeInIndex = 0; path = Pods_SwiftLearning.framework; sourceTree = BUILT_PRODUCTS_DIR; };
/* End PBXFileReference section */

/* Begin PBXFrameworksBuildPhase section */
		9AF710A51F04E6320029135E /* Frameworks */ = {
			isa = PBXFrameworksBuildPhase;
			buildActionMask = 2147483647;
			files = (
				9A4EEB47204141FA00E454E5 /* AssetsLibrary.framework in Frameworks */,
				9AE79FB61FE27054003D366A /* Contacts.framework in Frameworks */,
				67F400F0A2B4B175F13E7904 /* Pods_SwiftLearning.framework in Frameworks */,
			);
			runOnlyForDeploymentPostprocessing = 0;
		};
/* End PBXFrameworksBuildPhase section */

/* Begin PBXGroup section */
		9A84418D1FE0CB0F000562E3 /* Frameworks */ = {
			isa = PBXGroup;
			children = (
				9A4EEB46204141FA00E454E5 /* AssetsLibrary.framework */,
				9AE79FB51FE27048003D366A /* Contacts.framework */,
				9A84418E1FE0CB0F000562E3 /* libsqlite3.0.tbd */,
				F1A3AA8A30C23A8FAEB2B0A4 /* Pods_SwiftLearning.framework */,
			);
			name = Frameworks;
			sourceTree = "<group>";
		};
		9AF7109F1F04E6320029135E = {
			isa = PBXGroup;
			children = (
				9A6401C21FB98A8000B03C7A /* Block.h */,
				9A6401C31FB98A8000B03C7A /* Block.m */,
				9AF5372C1F5E49F7004DD7D1 /* Header.h */,
				9AF710AA1F04E6320029135E /* SwiftLearning */,
				9AF710A91F04E6320029135E /* Products */,
				9A84418D1FE0CB0F000562E3 /* Frameworks */,
				EA2D720AE0605D2E4C72E0DD /* Pods */,
			);
			sourceTree = "<group>";
		};
		9AF710A91F04E6320029135E /* Products */ = {
			isa = PBXGroup;
			children = (
				9AF710A81F04E6320029135E /* SwiftLearning.app */,
			);
			name = Products;
			sourceTree = "<group>";
		};
		9AF710AA1F04E6320029135E /* SwiftLearning */ = {
			isa = PBXGroup;
			children = (
				9A464E411F063BC700482C2F /* 0.png */,
				9A464E421F063BC700482C2F /* 1.png */,
				9A464E431F063BC700482C2F /* 2.png */,
				9A464E441F063BC700482C2F /* 3.png */,
				9A464E451F063BC700482C2F /* 4.png */,
				9AE79DA51FE2211D003D366A /* Subscript.swift */,
				9A464E461F063BC700482C2F /* 5.png */,
				9A464E471F063BC700482C2F /* 6.png */,
				9A464E481F063BC700482C2F /* 7.png */,
				9A0B51A91F4FF5380085A4F0 /* Data.plist */,
				9AF5372D1F5EAC1D004DD7D1 /* Arithmetic.h */,
				9AF5372E1F5EAC1D004DD7D1 /* Arithmetic.m */,
				9A4B3B621F98885800FB7DF6 /* TransitionAnimation.h */,
				9A4B3B631F98885800FB7DF6 /* TransitionAnimation.m */,
				9A72669F20030AC700B54426 /* InterView.h */,
				9A7266A020030AC700B54426 /* InterView.m */,
				9ACE10BC2010808F000DA7D5 /* Dispatch.swift */,
				9AF710AB1F04E6320029135E /* AppDelegate.swift */,
				9A6388512011F1C3000655B4 /* CircleView.swift */,
				9ACDF9332015826300FF7895 /* String+StringHeight.swift */,
				9A06CF1C1F4FB79B000AC087 /* View.xib */,
				9A59B6FD1F9D9E820074B349 /* MapView.h */,
				9A59B6FE1F9D9E820074B349 /* MapView.m */,
				9A62108E202C29DB005A8DED /* UIBezierPath+DrawPentagon.h */,
				9A62108F202C29DB005A8DED /* UIBezierPath+DrawPentagon.m */,
				9A06CF1E1F4FC8CE000AC087 /* Storyboard.storyboard */,
				9AF710AD1F04E6320029135E /* ViewController.swift */,
				9ACBA6101F4FF1440055052A /* Relaxation.swift */,
				9A8441921FE0CE18000562E3 /* DBTest.h */,
				9A8441931FE0CE18000562E3 /* DBTest.m */,
				9ADB3BCA1FEB907400290FAD /* DropAndDrag.h */,
				9ADB3BCB1FEB907400290FAD /* DropAndDrag.m */,
				9A8446161FE10238000562E3 /* Student.h */,
				9A8446171FE10238000562E3 /* Student.m */,
				9A7B2F991F9F123000F76CE1 /* ImageProcess.h */,
				9A7B2F9A1F9F123000F76CE1 /* ImageProcess.m */,
				9A7801FF2057BB2F00FD1252 /* NestedTypes.swift */,
				9ACE9AD32004B2F000DB49A6 /* NewFeature.swift */,
				9ACE9AD0200473A200DB49A6 /* EffectView.h */,
				9ACE9AD1200473A200DB49A6 /* EffectView.m */,
				9A8446191FE13748000562E3 /* Knoweledge.h */,
				9A84461A1FE13748000562E3 /* Knoweledge.m */,
				9A60A16C1FD8DE6500EFE69A /* Lock.h */,
				9A60A16D1FD8DE6500EFE69A /* Lock.m */,
				9AD677A81FA6F5BE005756AA /* AnimationViewController.h */,
				9AD677A91FA6F5BE005756AA /* AnimationViewController.m */,
				9AF537271F5E4854004DD7D1 /* BridgeOC.h */,
				9AF537281F5E4854004DD7D1 /* BridgeOC.m */,
				9A6401BF1FB9779700B03C7A /* RunTime.h */,
				9A6401C01FB9779700B03C7A /* RunTime.m */,
				9AA584AF20513CB60075FC06 /* FileHandler.h */,
				9AA584B020513CB60075FC06 /* FileHandler.m */,
				9AA584B22051421D0075FC06 /* SingleFile.h */,
				9AA584B32051421D0075FC06 /* SingleFile.m */,
				9AE0989120859671005663F1 /* WKWeb.swift */,
				9ACDF93520158FA100FF7895 /* UIApplication+CurrentVC.h */,
				9ACDF93620158FA100FF7895 /* UIApplication+CurrentVC.m */,
				9AF076901F189BC00075A9B4 /* Singleton.swift */,
				9AF710BD1F04EF330029135E /* TimeShaft.swift */,
				9AF710AF1F04E6320029135E /* Main.storyboard */,
				9AF710B21F04E6320029135E /* Assets.xcassets */,
				9A464E491F063BC700482C2F /* 8.png */,
				9AF710B41F04E6320029135E /* LaunchScreen.storyboard */,
				9A52E9611F41DE0100C10818 /* TypeFirst.swift */,
				9AF710B71F04E6320029135E /* Info.plist */,
			);
			path = SwiftLearning;
			sourceTree = "<group>";
		};
		EA2D720AE0605D2E4C72E0DD /* Pods */ = {
			isa = PBXGroup;
			children = (
				8D697121AAAFD7B8C42E15DC /* Pods-SwiftLearning.debug.xcconfig */,
				BD1AA4655B42B9598F4D0DDD /* Pods-SwiftLearning.release.xcconfig */,
			);
			name = Pods;
			sourceTree = "<group>";
		};
/* End PBXGroup section */

/* Begin PBXNativeTarget section */
		9AF710A71F04E6320029135E /* SwiftLearning */ = {
			isa = PBXNativeTarget;
			buildConfigurationList = 9AF710BA1F04E6320029135E /* Build configuration list for PBXNativeTarget "SwiftLearning" */;
			buildPhases = (
				1835B6779C6582EFBBE6C192 /* [CP] Check Pods Manifest.lock */,
				9AF710A41F04E6320029135E /* Sources */,
				9AF710A51F04E6320029135E /* Frameworks */,
				9AF710A61F04E6320029135E /* Resources */,
				3F1C4104541319303F4A79B9 /* [CP] Embed Pods Frameworks */,
				7689EF49720BA092369900A7 /* [CP] Copy Pods Resources */,
			);
			buildRules = (
			);
			dependencies = (
			);
			name = SwiftLearning;
			productName = SwiftLearning;
			productReference = 9AF710A81F04E6320029135E /* SwiftLearning.app */;
			productType = "com.apple.product-type.application";
		};
/* End PBXNativeTarget section */

/* Begin PBXProject section */
		9AF710A01F04E6320029135E /* Project object */ = {
			isa = PBXProject;
			attributes = {
				LastSwiftUpdateCheck = 0830;
				LastUpgradeCheck = 0830;
				ORGANIZATIONNAME = com.1ktower.snakepop;
				TargetAttributes = {
					9AF710A71F04E6320029135E = {
						CreatedOnToolsVersion = 8.3.3;
						DevelopmentTeam = NUDB2357C9;
						LastSwiftMigration = 0830;
						ProvisioningStyle = Automatic;
					};
				};
			};
			buildConfigurationList = 9AF710A31F04E6320029135E /* Build configuration list for PBXProject "SwiftLearning" */;
			compatibilityVersion = "Xcode 3.2";
			developmentRegion = English;
			hasScannedForEncodings = 0;
			knownRegions = (
				en,
				Base,
			);
			mainGroup = 9AF7109F1F04E6320029135E;
			productRefGroup = 9AF710A91F04E6320029135E /* Products */;
			projectDirPath = "";
			projectRoot = "";
			targets = (
				9AF710A71F04E6320029135E /* SwiftLearning */,
			);
		};
/* End PBXProject section */

/* Begin PBXResourcesBuildPhase section */
		9AF710A61F04E6320029135E /* Resources */ = {
			isa = PBXResourcesBuildPhase;
			buildActionMask = 2147483647;
			files = (
				9A464E521F063BC700482C2F /* 8.png in Resources */,
				9A464E511F063BC700482C2F /* 7.png in Resources */,
				9A464E4C1F063BC700482C2F /* 2.png in Resources */,
				9A464E4A1F063BC700482C2F /* 0.png in Resources */,
				9AF710B61F04E6320029135E /* LaunchScreen.storyboard in Resources */,
				9A06CF1F1F4FC8CE000AC087 /* Storyboard.storyboard in Resources */,
				9A0B51AA1F4FF5380085A4F0 /* Data.plist in Resources */,
				9A06CF1D1F4FB79B000AC087 /* View.xib in Resources */,
				9AF710B31F04E6320029135E /* Assets.xcassets in Resources */,
				9A464E501F063BC700482C2F /* 6.png in Resources */,
				9A464E4E1F063BC700482C2F /* 4.png in Resources */,
				9AF710B11F04E6320029135E /* Main.storyboard in Resources */,
				9A464E4F1F063BC700482C2F /* 5.png in Resources */,
				9A464E4D1F063BC700482C2F /* 3.png in Resources */,
				9A464E4B1F063BC700482C2F /* 1.png in Resources */,
			);
			runOnlyForDeploymentPostprocessing = 0;
		};
/* End PBXResourcesBuildPhase section */

/* Begin PBXShellScriptBuildPhase section */
		1835B6779C6582EFBBE6C192 /* [CP] Check Pods Manifest.lock */ = {
			isa = PBXShellScriptBuildPhase;
			buildActionMask = 2147483647;
			files = (
			);
			inputPaths = (
				"${PODS_PODFILE_DIR_PATH}/Podfile.lock",
				"${PODS_ROOT}/Manifest.lock",
			);
			name = "[CP] Check Pods Manifest.lock";
			outputPaths = (
				"$(DERIVED_FILE_DIR)/Pods-SwiftLearning-checkManifestLockResult.txt",
			);
			runOnlyForDeploymentPostprocessing = 0;
			shellPath = /bin/sh;
			shellScript = "diff \"${PODS_PODFILE_DIR_PATH}/Podfile.lock\" \"${PODS_ROOT}/Manifest.lock\" > /dev/null\nif [ $? != 0 ] ; then\n    # print error to STDERR\n    echo \"error: The sandbox is not in sync with the Podfile.lock. Run 'pod install' or update your CocoaPods installation.\" >&2\n    exit 1\nfi\n# This output is used by Xcode 'outputs' to avoid re-running this script phase.\necho \"SUCCESS\" > \"${SCRIPT_OUTPUT_FILE_0}\"\n";
			showEnvVarsInLog = 0;
		};
		3F1C4104541319303F4A79B9 /* [CP] Embed Pods Frameworks */ = {
			isa = PBXShellScriptBuildPhase;
			buildActionMask = 2147483647;
			files = (
			);
			inputPaths = (
				"${SRCROOT}/Pods/Target Support Files/Pods-SwiftLearning/Pods-SwiftLearning-frameworks.sh",
				"${BUILT_PRODUCTS_DIR}/Alamofire/Alamofire.framework",
				"${BUILT_PRODUCTS_DIR}/CocoaAsyncSocket/CocoaAsyncSocket.framework",
				"${BUILT_PRODUCTS_DIR}/CocoaLumberjack/CocoaLumberjack.framework",
				"${BUILT_PRODUCTS_DIR}/FMDB/FMDB.framework",
				"${BUILT_PRODUCTS_DIR}/GTMRefresh/GTMRefresh.framework",
				"${BUILT_PRODUCTS_DIR}/KissXML/KissXML.framework",
				"${BUILT_PRODUCTS_DIR}/MJRefresh/MJRefresh.framework",
				"${BUILT_PRODUCTS_DIR}/SGPagingView/SGPagingView.framework",
				"${BUILT_PRODUCTS_DIR}/XMPPFramework/XMPPFramework.framework",
			);
			name = "[CP] Embed Pods Frameworks";
			outputPaths = (
				"${TARGET_BUILD_DIR}/${FRAMEWORKS_FOLDER_PATH}/Alamofire.framework",
				"${TARGET_BUILD_DIR}/${FRAMEWORKS_FOLDER_PATH}/CocoaAsyncSocket.framework",
				"${TARGET_BUILD_DIR}/${FRAMEWORKS_FOLDER_PATH}/CocoaLumberjack.framework",
				"${TARGET_BUILD_DIR}/${FRAMEWORKS_FOLDER_PATH}/FMDB.framework",
				"${TARGET_BUILD_DIR}/${FRAMEWORKS_FOLDER_PATH}/GTMRefresh.framework",
				"${TARGET_BUILD_DIR}/${FRAMEWORKS_FOLDER_PATH}/KissXML.framework",
				"${TARGET_BUILD_DIR}/${FRAMEWORKS_FOLDER_PATH}/MJRefresh.framework",
				"${TARGET_BUILD_DIR}/${FRAMEWORKS_FOLDER_PATH}/SGPagingView.framework",
				"${TARGET_BUILD_DIR}/${FRAMEWORKS_FOLDER_PATH}/XMPPFramework.framework",
			);
			runOnlyForDeploymentPostprocessing = 0;
			shellPath = /bin/sh;
			shellScript = "\"${SRCROOT}/Pods/Target Support Files/Pods-SwiftLearning/Pods-SwiftLearning-frameworks.sh\"\n";
			showEnvVarsInLog = 0;
		};
		7689EF49720BA092369900A7 /* [CP] Copy Pods Resources */ = {
			isa = PBXShellScriptBuildPhase;
			buildActionMask = 2147483647;
			files = (
			);
			inputPaths = (
			);
			name = "[CP] Copy Pods Resources";
			outputPaths = (
			);
			runOnlyForDeploymentPostprocessing = 0;
			shellPath = /bin/sh;
			shellScript = "\"${SRCROOT}/Pods/Target Support Files/Pods-SwiftLearning/Pods-SwiftLearning-resources.sh\"\n";
			showEnvVarsInLog = 0;
		};
/* End PBXShellScriptBuildPhase section */

/* Begin PBXSourcesBuildPhase section */
		9AF710A41F04E6320029135E /* Sources */ = {
			isa = PBXSourcesBuildPhase;
			buildActionMask = 2147483647;
			files = (
				9A621090202C29DB005A8DED /* UIBezierPath+DrawPentagon.m in Sources */,
				9AF710BE1F04EF330029135E /* TimeShaft.swift in Sources */,
				9AD677AA1FA6F5BE005756AA /* AnimationViewController.m in Sources */,
				9AF076911F189BC00075A9B4 /* Singleton.swift in Sources */,
				9A59B6FF1F9D9E820074B349 /* MapView.m in Sources */,
				9A7802002057BB3000FD1252 /* NestedTypes.swift in Sources */,
				9ACBA6111F4FF1440055052A /* Relaxation.swift in Sources */,
				9A6401C41FB98A8000B03C7A /* Block.m in Sources */,
				9ADB3BCC1FEB907400290FAD /* DropAndDrag.m in Sources */,
				9AA584B42051421D0075FC06 /* SingleFile.m in Sources */,
				9AE0989220859671005663F1 /* WKWeb.swift in Sources */,
				9A6388522011F1C3000655B4 /* CircleView.swift in Sources */,
				9A8441941FE0CE18000562E3 /* DBTest.m in Sources */,
				9AA584B120513CB60075FC06 /* FileHandler.m in Sources */,
				9AF537291F5E4854004DD7D1 /* BridgeOC.m in Sources */,
				9A60A16E1FD8DE6500EFE69A /* Lock.m in Sources */,
				9A4B3B641F98885800FB7DF6 /* TransitionAnimation.m in Sources */,
				9A6401C11FB9779700B03C7A /* RunTime.m in Sources */,
				9A84461B1FE13748000562E3 /* Knoweledge.m in Sources */,
				9AE79DA61FE2211D003D366A /* Subscript.swift in Sources */,
				9ACE9AD2200473A200DB49A6 /* EffectView.m in Sources */,
				9ACDF93720158FA100FF7895 /* UIApplication+CurrentVC.m in Sources */,
				9ACDF9342015826300FF7895 /* String+StringHeight.swift in Sources */,
				9A7B2F9B1F9F123000F76CE1 /* ImageProcess.m in Sources */,
				9A7266A120030AC700B54426 /* InterView.m in Sources */,
				9AF5372F1F5EAC1D004DD7D1 /* Arithmetic.m in Sources */,
				9AF710AE1F04E6320029135E /* ViewController.swift in Sources */,
				9AF710AC1F04E6320029135E /* AppDelegate.swift in Sources */,
				9ACE9AD42004B2F000DB49A6 /* NewFeature.swift in Sources */,
				9ACE10BD2010808F000DA7D5 /* Dispatch.swift in Sources */,
				9A52E9621F41DE0100C10818 /* TypeFirst.swift in Sources */,
				9A8446181FE10238000562E3 /* Student.m in Sources */,
			);
			runOnlyForDeploymentPostprocessing = 0;
		};
/* End PBXSourcesBuildPhase section */

/* Begin PBXVariantGroup section */
		9AF710AF1F04E6320029135E /* Main.storyboard */ = {
			isa = PBXVariantGroup;
			children = (
				9AF710B01F04E6320029135E /* Base */,
			);
			name = Main.storyboard;
			sourceTree = "<group>";
		};
		9AF710B41F04E6320029135E /* LaunchScreen.storyboard */ = {
			isa = PBXVariantGroup;
			children = (
				9AF710B51F04E6320029135E /* Base */,
			);
			name = LaunchScreen.storyboard;
			sourceTree = "<group>";
		};
/* End PBXVariantGroup section */

/* Begin XCBuildConfiguration section */
		9AF710B81F04E6320029135E /* Debug */ = {
			isa = XCBuildConfiguration;
			buildSettings = {
				ALWAYS_SEARCH_USER_PATHS = NO;
				CLANG_ANALYZER_NONNULL = YES;
				CLANG_ANALYZER_NUMBER_OBJECT_CONVERSION = YES_AGGRESSIVE;
				CLANG_CXX_LANGUAGE_STANDARD = "gnu++0x";
				CLANG_CXX_LIBRARY = "libc++";
				CLANG_ENABLE_MODULES = YES;
				CLANG_ENABLE_OBJC_ARC = YES;
				CLANG_WARN_BOOL_CONVERSION = YES;
				CLANG_WARN_CONSTANT_CONVERSION = YES;
				CLANG_WARN_DIRECT_OBJC_ISA_USAGE = YES_ERROR;
				CLANG_WARN_DOCUMENTATION_COMMENTS = YES;
				CLANG_WARN_EMPTY_BODY = YES;
				CLANG_WARN_ENUM_CONVERSION = YES;
				CLANG_WARN_INFINITE_RECURSION = YES;
				CLANG_WARN_INT_CONVERSION = YES;
				CLANG_WARN_OBJC_ROOT_CLASS = YES_ERROR;
				CLANG_WARN_SUSPICIOUS_MOVE = YES;
				CLANG_WARN_UNREACHABLE_CODE = YES;
				CLANG_WARN__DUPLICATE_METHOD_MATCH = YES;
				"CODE_SIGN_IDENTITY[sdk=iphoneos*]" = "iPhone Developer";
				COPY_PHASE_STRIP = NO;
				DEBUG_INFORMATION_FORMAT = dwarf;
				ENABLE_STRICT_OBJC_MSGSEND = YES;
				ENABLE_TESTABILITY = YES;
				GCC_C_LANGUAGE_STANDARD = gnu99;
				GCC_DYNAMIC_NO_PIC = NO;
				GCC_NO_COMMON_BLOCKS = YES;
				GCC_OPTIMIZATION_LEVEL = 0;
				GCC_PREPROCESSOR_DEFINITIONS = (
					"DEBUG=1",
					"$(inherited)",
				);
				GCC_WARN_64_TO_32_BIT_CONVERSION = YES;
				GCC_WARN_ABOUT_RETURN_TYPE = YES_ERROR;
				GCC_WARN_UNDECLARED_SELECTOR = YES;
				GCC_WARN_UNINITIALIZED_AUTOS = YES_AGGRESSIVE;
				GCC_WARN_UNUSED_FUNCTION = YES;
				GCC_WARN_UNUSED_VARIABLE = YES;
				IPHONEOS_DEPLOYMENT_TARGET = 10.3;
				MTL_ENABLE_DEBUG_INFO = YES;
				ONLY_ACTIVE_ARCH = YES;
				SDKROOT = iphoneos;
				SWIFT_ACTIVE_COMPILATION_CONDITIONS = DEBUG;
				SWIFT_OPTIMIZATION_LEVEL = "-Onone";
				TARGETED_DEVICE_FAMILY = "1,2";
			};
			name = Debug;
		};
		9AF710B91F04E6320029135E /* Release */ = {
			isa = XCBuildConfiguration;
			buildSettings = {
				ALWAYS_SEARCH_USER_PATHS = NO;
				CLANG_ANALYZER_NONNULL = YES;
				CLANG_ANALYZER_NUMBER_OBJECT_CONVERSION = YES_AGGRESSIVE;
				CLANG_CXX_LANGUAGE_STANDARD = "gnu++0x";
				CLANG_CXX_LIBRARY = "libc++";
				CLANG_ENABLE_MODULES = YES;
				CLANG_ENABLE_OBJC_ARC = YES;
				CLANG_WARN_BOOL_CONVERSION = YES;
				CLANG_WARN_CONSTANT_CONVERSION = YES;
				CLANG_WARN_DIRECT_OBJC_ISA_USAGE = YES_ERROR;
				CLANG_WARN_DOCUMENTATION_COMMENTS = YES;
				CLANG_WARN_EMPTY_BODY = YES;
				CLANG_WARN_ENUM_CONVERSION = YES;
				CLANG_WARN_INFINITE_RECURSION = YES;
				CLANG_WARN_INT_CONVERSION = YES;
				CLANG_WARN_OBJC_ROOT_CLASS = YES_ERROR;
				CLANG_WARN_SUSPICIOUS_MOVE = YES;
				CLANG_WARN_UNREACHABLE_CODE = YES;
				CLANG_WARN__DUPLICATE_METHOD_MATCH = YES;
				"CODE_SIGN_IDENTITY[sdk=iphoneos*]" = "iPhone Developer";
				COPY_PHASE_STRIP = NO;
				DEBUG_INFORMATION_FORMAT = "dwarf-with-dsym";
				ENABLE_NS_ASSERTIONS = NO;
				ENABLE_STRICT_OBJC_MSGSEND = YES;
				GCC_C_LANGUAGE_STANDARD = gnu99;
				GCC_NO_COMMON_BLOCKS = YES;
				GCC_WARN_64_TO_32_BIT_CONVERSION = YES;
				GCC_WARN_ABOUT_RETURN_TYPE = YES_ERROR;
				GCC_WARN_UNDECLARED_SELECTOR = YES;
				GCC_WARN_UNINITIALIZED_AUTOS = YES_AGGRESSIVE;
				GCC_WARN_UNUSED_FUNCTION = YES;
				GCC_WARN_UNUSED_VARIABLE = YES;
				IPHONEOS_DEPLOYMENT_TARGET = 10.3;
				MTL_ENABLE_DEBUG_INFO = NO;
				SDKROOT = iphoneos;
				SWIFT_OPTIMIZATION_LEVEL = "-Owholemodule";
				TARGETED_DEVICE_FAMILY = "1,2";
				VALIDATE_PRODUCT = YES;
			};
			name = Release;
		};
		9AF710BB1F04E6320029135E /* Debug */ = {
			isa = XCBuildConfiguration;
			baseConfigurationReference = 8D697121AAAFD7B8C42E15DC /* Pods-SwiftLearning.debug.xcconfig */;
			buildSettings = {
				ASSETCATALOG_COMPILER_APPICON_NAME = AppIcon;
				ASSETCATALOG_COMPILER_LAUNCHIMAGE_NAME = LaunchImage;
				CLANG_ENABLE_MODULES = YES;
				DEVELOPMENT_TEAM = NUDB2357C9;
				ENABLE_BITCODE = NO;
				INFOPLIST_FILE = SwiftLearning/Info.plist;
				IPHONEOS_DEPLOYMENT_TARGET = 8.0;
				LD_RUNPATH_SEARCH_PATHS = "$(inherited) @executable_path/Frameworks";
				PRODUCT_BUNDLE_IDENTIFIER = com.1ktower.snakepop.SwiftLearning;
				PRODUCT_NAME = "$(TARGET_NAME)";
				SWIFT_OBJC_BRIDGING_HEADER = Header.h;
				SWIFT_OPTIMIZATION_LEVEL = "-Onone";
				SWIFT_VERSION = 3.0;
			};
			name = Debug;
		};
		9AF710BC1F04E6320029135E /* Release */ = {
			isa = XCBuildConfiguration;
			baseConfigurationReference = BD1AA4655B42B9598F4D0DDD /* Pods-SwiftLearning.release.xcconfig */;
			buildSettings = {
				ASSETCATALOG_COMPILER_APPICON_NAME = AppIcon;
				ASSETCATALOG_COMPILER_LAUNCHIMAGE_NAME = LaunchImage;
				CLANG_ENABLE_MODULES = YES;
				DEVELOPMENT_TEAM = NUDB2357C9;
				ENABLE_BITCODE = NO;
				INFOPLIST_FILE = SwiftLearning/Info.plist;
				IPHONEOS_DEPLOYMENT_TARGET = 8.0;
				LD_RUNPATH_SEARCH_PATHS = "$(inherited) @executable_path/Frameworks";
				PRODUCT_BUNDLE_IDENTIFIER = com.1ktower.snakepop.SwiftLearning;
				PRODUCT_NAME = "$(TARGET_NAME)";
				SWIFT_OBJC_BRIDGING_HEADER = Header.h;
				SWIFT_VERSION = 3.0;
			};
			name = Release;
		};
/* End XCBuildConfiguration section */

/* Begin XCConfigurationList section */
		9AF710A31F04E6320029135E /* Build configuration list for PBXProject "SwiftLearning" */ = {
			isa = XCConfigurationList;
			buildConfigurations = (
				9AF710B81F04E6320029135E /* Debug */,
				9AF710B91F04E6320029135E /* Release */,
			);
			defaultConfigurationIsVisible = 0;
			defaultConfigurationName = Release;
		};
		9AF710BA1F04E6320029135E /* Build configuration list for PBXNativeTarget "SwiftLearning" */ = {
			isa = XCConfigurationList;
			buildConfigurations = (
				9AF710BB1F04E6320029135E /* Debug */,
				9AF710BC1F04E6320029135E /* Release */,
			);
			defaultConfigurationIsVisible = 0;
			defaultConfigurationName = Release;
		};
/* End XCConfigurationList section */
	};
	rootObject = 9AF710A01F04E6320029135E /* Project object */;
}
