// !$*UTF8*$!
{
	archiveVersion = 1;
	classes = {
	};
	objectVersion = 48;
	objects = {

/* Begin PBXBuildFile section */
		9AC9591220182D36009DBC8D /* AppDelegate.m in Sources */ = {isa = PBXBuildFile; fileRef = 9AC9591120182D36009DBC8D /* AppDelegate.m */; };
		9AC9591520182D36009DBC8D /* ViewController.m in Sources */ = {isa = PBXBuildFile; fileRef = 9AC9591420182D36009DBC8D /* ViewController.m */; };
		9AC9591820182D36009DBC8D /* Main.storyboard in Resources */ = {isa = PBXBuildFile; fileRef = 9AC9591620182D36009DBC8D /* Main.storyboard */; };
		9AC9591A20182D36009DBC8D /* Assets.xcassets in Resources */ = {isa = PBXBuildFile; fileRef = 9AC9591920182D36009DBC8D /* Assets.xcassets */; };
		9AC9591D20182D36009DBC8D /* LaunchScreen.storyboard in Resources */ = {isa = PBXBuildFile; fileRef = 9AC9591B20182D36009DBC8D /* LaunchScreen.storyboard */; };
		9AC9592020182D37009DBC8D /* main.m in Sources */ = {isa = PBXBuildFile; fileRef = 9AC9591F20182D37009DBC8D /* main.m */; };
/* End PBXBuildFile section */

/* Begin PBXFileReference section */
		9AC9590D20182D36009DBC8D /* RN.app */ = {isa = PBXFileReference; explicitFileType = wrapper.application; includeInIndex = 0; path = RN.app; sourceTree = BUILT_PRODUCTS_DIR; };
		9AC9591020182D36009DBC8D /* AppDelegate.h */ = {isa = PBXFileReference; lastKnownFileType = sourcecode.c.h; path = AppDelegate.h; sourceTree = "<group>"; };
		9AC9591120182D36009DBC8D /* AppDelegate.m */ = {isa = PBXFileReference; lastKnownFileType = sourcecode.c.objc; path = AppDelegate.m; sourceTree = "<group>"; };
		9AC9591320182D36009DBC8D /* ViewController.h */ = {isa = PBXFileReference; lastKnownFileType = sourcecode.c.h; path = ViewController.h; sourceTree = "<group>"; };
		9AC9591420182D36009DBC8D /* ViewController.m */ = {isa = PBXFileReference; lastKnownFileType = sourcecode.c.objc; path = ViewController.m; sourceTree = "<group>"; };
		9AC9591720182D36009DBC8D /* Base */ = {isa = PBXFileReference; lastKnownFileType = file.storyboard; name = Base; path = Base.lproj/Main.storyboard; sourceTree = "<group>"; };
		9AC9591920182D36009DBC8D /* Assets.xcassets */ = {isa = PBXFileReference; lastKnownFileType = folder.assetcatalog; path = Assets.xcassets; sourceTree = "<group>"; };
		9AC9591C20182D36009DBC8D /* Base */ = {isa = PBXFileReference; lastKnownFileType = file.storyboard; name = Base; path = Base.lproj/LaunchScreen.storyboard; sourceTree = "<group>"; };
		9AC9591E20182D37009DBC8D /* Info.plist */ = {isa = PBXFileReference; lastKnownFileType = text.plist.xml; path = Info.plist; sourceTree = "<group>"; };
		9AC9591F20182D37009DBC8D /* main.m */ = {isa = PBXFileReference; lastKnownFileType = sourcecode.c.objc; path = main.m; sourceTree = "<group>"; };
/* End PBXFileReference section */

/* Begin PBXFrameworksBuildPhase section */
		9AC9590A20182D36009DBC8D /* Frameworks */ = {
			isa = PBXFrameworksBuildPhase;
			buildActionMask = 2147483647;
			files = (
			);
			runOnlyForDeploymentPostprocessing = 0;
		};
/* End PBXFrameworksBuildPhase section */

/* Begin PBXGroup section */
		9AC9590420182D36009DBC8D = {
			isa = PBXGroup;
			children = (
				9AC9590F20182D36009DBC8D /* RN */,
				9AC9590E20182D36009DBC8D /* Products */,
			);
			sourceTree = "<group>";
		};
		9AC9590E20182D36009DBC8D /* Products */ = {
			isa = PBXGroup;
			children = (
				9AC9590D20182D36009DBC8D /* RN.app */,
			);
			name = Products;
			sourceTree = "<group>";
		};
		9AC9590F20182D36009DBC8D /* RN */ = {
			isa = PBXGroup;
			children = (
				9AC9591020182D36009DBC8D /* AppDelegate.h */,
				9AC9591120182D36009DBC8D /* AppDelegate.m */,
				9AC9591320182D36009DBC8D /* ViewController.h */,
				9AC9591420182D36009DBC8D /* ViewController.m */,
				9AC9591620182D36009DBC8D /* Main.storyboard */,
				9AC9591920182D36009DBC8D /* Assets.xcassets */,
				9AC9591B20182D36009DBC8D /* LaunchScreen.storyboard */,
				9AC9591E20182D37009DBC8D /* Info.plist */,
				9AC9591F20182D37009DBC8D /* main.m */,
			);
			path = RN;
			sourceTree = "<group>";
		};
/* End PBXGroup section */

/* Begin PBXNativeTarget section */
		9AC9590C20182D36009DBC8D /* RN */ = {
			isa = PBXNativeTarget;
			buildConfigurationList = 9AC9592320182D37009DBC8D /* Build configuration list for PBXNativeTarget "RN" */;
			buildPhases = (
				9AC9590920182D36009DBC8D /* Sources */,
				9AC9590A20182D36009DBC8D /* Frameworks */,
				9AC9590B20182D36009DBC8D /* Resources */,
			);
			buildRules = (
			);
			dependencies = (
			);
			name = RN;
			productName = RN;
			productReference = 9AC9590D20182D36009DBC8D /* RN.app */;
			productType = "com.apple.product-type.application";
		};
/* End PBXNativeTarget section */

/* Begin PBXProject section */
		9AC9590520182D36009DBC8D /* Project object */ = {
			isa = PBXProject;
			attributes = {
				LastUpgradeCheck = 0920;
				ORGANIZATIONNAME = com.1ktower.snakepop;
				TargetAttributes = {
					9AC9590C20182D36009DBC8D = {
						CreatedOnToolsVersion = 9.2;
						ProvisioningStyle = Automatic;
					};
				};
			};
			buildConfigurationList = 9AC9590820182D36009DBC8D /* Build configuration list for PBXProject "RN" */;
			compatibilityVersion = "Xcode 8.0";
			developmentRegion = en;
			hasScannedForEncodings = 0;
			knownRegions = (
				en,
				Base,
			);
			mainGroup = 9AC9590420182D36009DBC8D;
			productRefGroup = 9AC9590E20182D36009DBC8D /* Products */;
			projectDirPath = "";
			projectRoot = "";
			targets = (
				9AC9590C20182D36009DBC8D /* RN */,
			);
		};
/* End PBXProject section */

/* Begin PBXResourcesBuildPhase section */
		9AC9590B20182D36009DBC8D /* Resources */ = {
			isa = PBXResourcesBuildPhase;
			buildActionMask = 2147483647;
			files = (
				9AC9591D20182D36009DBC8D /* LaunchScreen.storyboard in Resources */,
				9AC9591A20182D36009DBC8D /* Assets.xcassets in Resources */,
				9AC9591820182D36009DBC8D /* Main.storyboard in Resources */,
			);
			runOnlyForDeploymentPostprocessing = 0;
		};
/* End PBXResourcesBuildPhase section */

/* Begin PBXSourcesBuildPhase section */
		9AC9590920182D36009DBC8D /* Sources */ = {
			isa = PBXSourcesBuildPhase;
			buildActionMask = 2147483647;
			files = (
				9AC9591520182D36009DBC8D /* ViewController.m in Sources */,
				9AC9592020182D37009DBC8D /* main.m in Sources */,
				9AC9591220182D36009DBC8D /* AppDelegate.m in Sources */,
			);
			runOnlyForDeploymentPostprocessing = 0;
		};
/* End PBXSourcesBuildPhase section */

/* Begin PBXVariantGroup section */
		9AC9591620182D36009DBC8D /* Main.storyboard */ = {
			isa = PBXVariantGroup;
			children = (
				9AC9591720182D36009DBC8D /* Base */,
			);
			name = Main.storyboard;
			sourceTree = "<group>";
		};
		9AC9591B20182D36009DBC8D /* LaunchScreen.storyboard */ = {
			isa = PBXVariantGroup;
			children = (
				9AC9591C20182D36009DBC8D /* Base */,
			);
			name = LaunchScreen.storyboard;
			sourceTree = "<group>";
		};
/* End PBXVariantGroup section */

/* Begin XCBuildConfiguration section */
		9AC9592120182D37009DBC8D /* Debug */ = {
			isa = XCBuildConfiguration;
			buildSettings = {
				ALWAYS_SEARCH_USER_PATHS = NO;
				CLANG_ANALYZER_NONNULL = YES;
				CLANG_ANALYZER_NUMBER_OBJECT_CONVERSION = YES_AGGRESSIVE;
				CLANG_CXX_LANGUAGE_STANDARD = "gnu++14";
				CLANG_CXX_LIBRARY = "libc++";
				CLANG_ENABLE_MODULES = YES;
				CLANG_ENABLE_OBJC_ARC = YES;
				CLANG_WARN_BLOCK_CAPTURE_AUTORELEASING = YES;
				CLANG_WARN_BOOL_CONVERSION = YES;
				CLANG_WARN_COMMA = YES;
				CLANG_WARN_CONSTANT_CONVERSION = YES;
				CLANG_WARN_DIRECT_OBJC_ISA_USAGE = YES_ERROR;
				CLANG_WARN_DOCUMENTATION_COMMENTS = YES;
				CLANG_WARN_EMPTY_BODY = YES;
				CLANG_WARN_ENUM_CONVERSION = YES;
				CLANG_WARN_INFINITE_RECURSION = YES;
				CLANG_WARN_INT_CONVERSION = YES;
				CLANG_WARN_NON_LITERAL_NULL_CONVERSION = YES;
				CLANG_WARN_OBJC_LITERAL_CONVERSION = YES;
				CLANG_WARN_OBJC_ROOT_CLASS = YES_ERROR;
				CLANG_WARN_RANGE_LOOP_ANALYSIS = YES;
				CLANG_WARN_STRICT_PROTOTYPES = YES;
				CLANG_WARN_SUSPICIOUS_MOVE = YES;
				CLANG_WARN_UNGUARDED_AVAILABILITY = YES_AGGRESSIVE;
				CLANG_WARN_UNREACHABLE_CODE = YES;
				CLANG_WARN__DUPLICATE_METHOD_MATCH = YES;
				CODE_SIGN_IDENTITY = "iPhone Developer";
				COPY_PHASE_STRIP = NO;
				DEBUG_INFORMATION_FORMAT = dwarf;
				ENABLE_STRICT_OBJC_MSGSEND = YES;
				ENABLE_TESTABILITY = YES;
				GCC_C_LANGUAGE_STANDARD = gnu11;
				GCC_DYNAMIC_NO_PIC = NO;
				GCC_NO_COMMON_BLOCKS = YES;
				GCC_OPTIMIZATION_LEVEL = 0;
				GCC_PREPROCESSOR_DEFINITIONS = (
					"DEBUG=1",
					"$(inherited)",
				);
				GCC_WARN_64_TO_32_BIT_CONVERSION = YES;
				GCC_WARN_ABOUT_RETURN_TYPE = YES_ERROR;
				GCC_WARN_UNDECLARED_SELECTOR = YES;
				GCC_WARN_UNINITIALIZED_AUTOS = YES_AGGRESSIVE;
				GCC_WARN_UNUSED_FUNCTION = YES;
				GCC_WARN_UNUSED_VARIABLE = YES;
				IPHONEOS_DEPLOYMENT_TARGET = 11.2;
				MTL_ENABLE_DEBUG_INFO = YES;
				ONLY_ACTIVE_ARCH = YES;
				SDKROOT = iphoneos;
			};
			name = Debug;
		};
		9AC9592220182D37009DBC8D /* Release */ = {
			isa = XCBuildConfiguration;
			buildSettings = {
				ALWAYS_SEARCH_USER_PATHS = NO;
				CLANG_ANALYZER_NONNULL = YES;
				CLANG_ANALYZER_NUMBER_OBJECT_CONVERSION = YES_AGGRESSIVE;
				CLANG_CXX_LANGUAGE_STANDARD = "gnu++14";
				CLANG_CXX_LIBRARY = "libc++";
				CLANG_ENABLE_MODULES = YES;
				CLANG_ENABLE_OBJC_ARC = YES;
				CLANG_WARN_BLOCK_CAPTURE_AUTORELEASING = YES;
				CLANG_WARN_BOOL_CONVERSION = YES;
				CLANG_WARN_COMMA = YES;
				CLANG_WARN_CONSTANT_CONVERSION = YES;
				CLANG_WARN_DIRECT_OBJC_ISA_USAGE = YES_ERROR;
				CLANG_WARN_DOCUMENTATION_COMMENTS = YES;
				CLANG_WARN_EMPTY_BODY = YES;
				CLANG_WARN_ENUM_CONVERSION = YES;
				CLANG_WARN_INFINITE_RECURSION = YES;
				CLANG_WARN_INT_CONVERSION = YES;
				CLANG_WARN_NON_LITERAL_NULL_CONVERSION = YES;
				CLANG_WARN_OBJC_LITERAL_CONVERSION = YES;
				CLANG_WARN_OBJC_ROOT_CLASS = YES_ERROR;
				CLANG_WARN_RANGE_LOOP_ANALYSIS = YES;
				CLANG_WARN_STRICT_PROTOTYPES = YES;
				CLANG_WARN_SUSPICIOUS_MOVE = YES;
				CLANG_WARN_UNGUARDED_AVAILABILITY = YES_AGGRESSIVE;
				CLANG_WARN_UNREACHABLE_CODE = YES;
				CLANG_WARN__DUPLICATE_METHOD_MATCH = YES;
				CODE_SIGN_IDENTITY = "iPhone Developer";
				COPY_PHASE_STRIP = NO;
				DEBUG_INFORMATION_FORMAT = "dwarf-with-dsym";
				ENABLE_NS_ASSERTIONS = NO;
				ENABLE_STRICT_OBJC_MSGSEND = YES;
				GCC_C_LANGUAGE_STANDARD = gnu11;
				GCC_NO_COMMON_BLOCKS = YES;
				GCC_WARN_64_TO_32_BIT_CONVERSION = YES;
				GCC_WARN_ABOUT_RETURN_TYPE = YES_ERROR;
				GCC_WARN_UNDECLARED_SELECTOR = YES;
				GCC_WARN_UNINITIALIZED_AUTOS = YES_AGGRESSIVE;
				GCC_WARN_UNUSED_FUNCTION = YES;
				GCC_WARN_UNUSED_VARIABLE = YES;
				IPHONEOS_DEPLOYMENT_TARGET = 11.2;
				MTL_ENABLE_DEBUG_INFO = NO;
				SDKROOT = iphoneos;
				VALIDATE_PRODUCT = YES;
			};
			name = Release;
		};
		9AC9592420182D37009DBC8D /* Debug */ = {
			isa = XCBuildConfiguration;
			buildSettings = {
				ASSETCATALOG_COMPILER_APPICON_NAME = AppIcon;
				CODE_SIGN_STYLE = Automatic;
				DEVELOPMENT_TEAM = KY976W2GUP;
				INFOPLIST_FILE = RN/Info.plist;
				LD_RUNPATH_SEARCH_PATHS = "$(inherited) @executable_path/Frameworks";
				PRODUCT_BUNDLE_IDENTIFIER = com.1ktower.snakepop.RN;
				PRODUCT_NAME = "$(TARGET_NAME)";
				TARGETED_DEVICE_FAMILY = "1,2";
			};
			name = Debug;
		};
		9AC9592520182D37009DBC8D /* Release */ = {
			isa = XCBuildConfiguration;
			buildSettings = {
				ASSETCATALOG_COMPILER_APPICON_NAME = AppIcon;
				CODE_SIGN_STYLE = Automatic;
				DEVELOPMENT_TEAM = KY976W2GUP;
				INFOPLIST_FILE = RN/Info.plist;
				LD_RUNPATH_SEARCH_PATHS = "$(inherited) @executable_path/Frameworks";
				PRODUCT_BUNDLE_IDENTIFIER = com.1ktower.snakepop.RN;
				PRODUCT_NAME = "$(TARGET_NAME)";
				TARGETED_DEVICE_FAMILY = "1,2";
			};
			name = Release;
		};
/* End XCBuildConfiguration section */

/* Begin XCConfigurationList section */
		9AC9590820182D36009DBC8D /* Build configuration list for PBXProject "RN" */ = {
			isa = XCConfigurationList;
			buildConfigurations = (
				9AC9592120182D37009DBC8D /* Debug */,
				9AC9592220182D37009DBC8D /* Release */,
			);
			defaultConfigurationIsVisible = 0;
			defaultConfigurationName = Release;
		};
		9AC9592320182D37009DBC8D /* Build configuration list for PBXNativeTarget "RN" */ = {
			isa = XCConfigurationList;
			buildConfigurations = (
				9AC9592420182D37009DBC8D /* Debug */,
				9AC9592520182D37009DBC8D /* Release */,
			);
			defaultConfigurationIsVisible = 0;
			defaultConfigurationName = Release;
		};
/* End XCConfigurationList section */
	};
	rootObject = 9AC9590520182D36009DBC8D /* Project object */;
}
