// !$*UTF8*$!
{
	archiveVersion = 1;
	classes = {
	};
	objectVersion = 46;
	objects = {

/* Begin PBXBuildFile section */
		23D876D71C89B6140059EE01 /* main.m in Sources */ = {isa = PBXBuildFile; fileRef = 23D876D61C89B6140059EE01 /* main.m */; };
		23D876DA1C89B6140059EE01 /* AppDelegate.m in Sources */ = {isa = PBXBuildFile; fileRef = 23D876D91C89B6140059EE01 /* AppDelegate.m */; };
		23D876DD1C89B6140059EE01 /* ViewController.m in Sources */ = {isa = PBXBuildFile; fileRef = 23D876DC1C89B6140059EE01 /* ViewController.m */; };
		23D876E01C89B6140059EE01 /* Main.storyboard in Resources */ = {isa = PBXBuildFile; fileRef = 23D876DE1C89B6140059EE01 /* Main.storyboard */; };
		23D876E21C89B6140059EE01 /* Assets.xcassets in Resources */ = {isa = PBXBuildFile; fileRef = 23D876E11C89B6140059EE01 /* Assets.xcassets */; };
		23D876E51C89B6140059EE01 /* LaunchScreen.storyboard in Resources */ = {isa = PBXBuildFile; fileRef = 23D876E31C89B6140059EE01 /* LaunchScreen.storyboard */; };
		23D876FE1C89B69F0059EE01 /* MOARuntime.m in Sources */ = {isa = PBXBuildFile; fileRef = 23D876F51C89B69F0059EE01 /* MOARuntime.m */; };
		23D876FF1C89B69F0059EE01 /* MOAspects.m in Sources */ = {isa = PBXBuildFile; fileRef = 23D876F71C89B69F0059EE01 /* MOAspects.m */; };
		23D877001C89B69F0059EE01 /* MOAspectsHookRange.m in Sources */ = {isa = PBXBuildFile; fileRef = 23D876F91C89B69F0059EE01 /* MOAspectsHookRange.m */; };
		23D877011C89B69F0059EE01 /* MOAspectsStore.m in Sources */ = {isa = PBXBuildFile; fileRef = 23D876FB1C89B69F0059EE01 /* MOAspectsStore.m */; };
		23D877021C89B69F0059EE01 /* MOAspectsTarget.m in Sources */ = {isa = PBXBuildFile; fileRef = 23D876FD1C89B69F0059EE01 /* MOAspectsTarget.m */; };
		AE8408661D1959CE00C54B20 /* BIPVBase.m in Sources */ = {isa = PBXBuildFile; fileRef = AE8408621D1959CE00C54B20 /* BIPVBase.m */; };
		AE8408671D1959CE00C54B20 /* BIStatistics.m in Sources */ = {isa = PBXBuildFile; fileRef = AE8408651D1959CE00C54B20 /* BIStatistics.m */; };
/* End PBXBuildFile section */

/* Begin PBXFileReference section */
		23D876D21C89B6140059EE01 /* AspectTrack.app */ = {isa = PBXFileReference; explicitFileType = wrapper.application; includeInIndex = 0; path = AspectTrack.app; sourceTree = BUILT_PRODUCTS_DIR; };
		23D876D61C89B6140059EE01 /* main.m */ = {isa = PBXFileReference; lastKnownFileType = sourcecode.c.objc; path = main.m; sourceTree = "<group>"; };
		23D876D81C89B6140059EE01 /* AppDelegate.h */ = {isa = PBXFileReference; lastKnownFileType = sourcecode.c.h; path = AppDelegate.h; sourceTree = "<group>"; };
		23D876D91C89B6140059EE01 /* AppDelegate.m */ = {isa = PBXFileReference; lastKnownFileType = sourcecode.c.objc; path = AppDelegate.m; sourceTree = "<group>"; };
		23D876DB1C89B6140059EE01 /* ViewController.h */ = {isa = PBXFileReference; lastKnownFileType = sourcecode.c.h; path = ViewController.h; sourceTree = "<group>"; };
		23D876DC1C89B6140059EE01 /* ViewController.m */ = {isa = PBXFileReference; lastKnownFileType = sourcecode.c.objc; path = ViewController.m; sourceTree = "<group>"; };
		23D876DF1C89B6140059EE01 /* Base */ = {isa = PBXFileReference; lastKnownFileType = file.storyboard; name = Base; path = Base.lproj/Main.storyboard; sourceTree = "<group>"; };
		23D876E11C89B6140059EE01 /* Assets.xcassets */ = {isa = PBXFileReference; lastKnownFileType = folder.assetcatalog; path = Assets.xcassets; sourceTree = "<group>"; };
		23D876E41C89B6140059EE01 /* Base */ = {isa = PBXFileReference; lastKnownFileType = file.storyboard; name = Base; path = Base.lproj/LaunchScreen.storyboard; sourceTree = "<group>"; };
		23D876E61C89B6140059EE01 /* Info.plist */ = {isa = PBXFileReference; lastKnownFileType = text.plist.xml; path = Info.plist; sourceTree = "<group>"; };
		23D876F41C89B69F0059EE01 /* MOARuntime.h */ = {isa = PBXFileReference; fileEncoding = 4; lastKnownFileType = sourcecode.c.h; path = MOARuntime.h; sourceTree = "<group>"; };
		23D876F51C89B69F0059EE01 /* MOARuntime.m */ = {isa = PBXFileReference; fileEncoding = 4; lastKnownFileType = sourcecode.c.objc; path = MOARuntime.m; sourceTree = "<group>"; };
		23D876F61C89B69F0059EE01 /* MOAspects.h */ = {isa = PBXFileReference; fileEncoding = 4; lastKnownFileType = sourcecode.c.h; path = MOAspects.h; sourceTree = "<group>"; };
		23D876F71C89B69F0059EE01 /* MOAspects.m */ = {isa = PBXFileReference; fileEncoding = 4; lastKnownFileType = sourcecode.c.objc; path = MOAspects.m; sourceTree = "<group>"; };
		23D876F81C89B69F0059EE01 /* MOAspectsHookRange.h */ = {isa = PBXFileReference; fileEncoding = 4; lastKnownFileType = sourcecode.c.h; path = MOAspectsHookRange.h; sourceTree = "<group>"; };
		23D876F91C89B69F0059EE01 /* MOAspectsHookRange.m */ = {isa = PBXFileReference; fileEncoding = 4; lastKnownFileType = sourcecode.c.objc; path = MOAspectsHookRange.m; sourceTree = "<group>"; };
		23D876FA1C89B69F0059EE01 /* MOAspectsStore.h */ = {isa = PBXFileReference; fileEncoding = 4; lastKnownFileType = sourcecode.c.h; path = MOAspectsStore.h; sourceTree = "<group>"; };
		23D876FB1C89B69F0059EE01 /* MOAspectsStore.m */ = {isa = PBXFileReference; fileEncoding = 4; lastKnownFileType = sourcecode.c.objc; path = MOAspectsStore.m; sourceTree = "<group>"; };
		23D876FC1C89B69F0059EE01 /* MOAspectsTarget.h */ = {isa = PBXFileReference; fileEncoding = 4; lastKnownFileType = sourcecode.c.h; path = MOAspectsTarget.h; sourceTree = "<group>"; };
		23D876FD1C89B69F0059EE01 /* MOAspectsTarget.m */ = {isa = PBXFileReference; fileEncoding = 4; lastKnownFileType = sourcecode.c.objc; path = MOAspectsTarget.m; sourceTree = "<group>"; };
		AE8408611D1959CE00C54B20 /* BIPVBase.h */ = {isa = PBXFileReference; fileEncoding = 4; lastKnownFileType = sourcecode.c.h; path = BIPVBase.h; sourceTree = "<group>"; };
		AE8408621D1959CE00C54B20 /* BIPVBase.m */ = {isa = PBXFileReference; fileEncoding = 4; lastKnownFileType = sourcecode.c.objc; path = BIPVBase.m; sourceTree = "<group>"; };
		AE8408631D1959CE00C54B20 /* BIPVConst.h */ = {isa = PBXFileReference; fileEncoding = 4; lastKnownFileType = sourcecode.c.h; path = BIPVConst.h; sourceTree = "<group>"; };
		AE8408641D1959CE00C54B20 /* BIStatistics.h */ = {isa = PBXFileReference; fileEncoding = 4; lastKnownFileType = sourcecode.c.h; path = BIStatistics.h; sourceTree = "<group>"; };
		AE8408651D1959CE00C54B20 /* BIStatistics.m */ = {isa = PBXFileReference; fileEncoding = 4; lastKnownFileType = sourcecode.c.objc; path = BIStatistics.m; sourceTree = "<group>"; };
/* End PBXFileReference section */

/* Begin PBXFrameworksBuildPhase section */
		23D876CF1C89B6140059EE01 /* Frameworks */ = {
			isa = PBXFrameworksBuildPhase;
			buildActionMask = 2147483647;
			files = (
			);
			runOnlyForDeploymentPostprocessing = 0;
		};
/* End PBXFrameworksBuildPhase section */

/* Begin PBXGroup section */
		23D876C91C89B6140059EE01 = {
			isa = PBXGroup;
			children = (
				23D876D41C89B6140059EE01 /* AspectTrack */,
				23D876D31C89B6140059EE01 /* Products */,
			);
			sourceTree = "<group>";
		};
		23D876D31C89B6140059EE01 /* Products */ = {
			isa = PBXGroup;
			children = (
				23D876D21C89B6140059EE01 /* AspectTrack.app */,
			);
			name = Products;
			sourceTree = "<group>";
		};
		23D876D41C89B6140059EE01 /* AspectTrack */ = {
			isa = PBXGroup;
			children = (
				23D876F31C89B69F0059EE01 /* Aspects */,
				23D876D81C89B6140059EE01 /* AppDelegate.h */,
				23D876D91C89B6140059EE01 /* AppDelegate.m */,
				23D876DB1C89B6140059EE01 /* ViewController.h */,
				23D876DC1C89B6140059EE01 /* ViewController.m */,
				AE8408611D1959CE00C54B20 /* BIPVBase.h */,
				AE8408621D1959CE00C54B20 /* BIPVBase.m */,
				AE8408631D1959CE00C54B20 /* BIPVConst.h */,
				AE8408641D1959CE00C54B20 /* BIStatistics.h */,
				AE8408651D1959CE00C54B20 /* BIStatistics.m */,
				23D876DE1C89B6140059EE01 /* Main.storyboard */,
				23D876E11C89B6140059EE01 /* Assets.xcassets */,
				23D876E31C89B6140059EE01 /* LaunchScreen.storyboard */,
				23D876E61C89B6140059EE01 /* Info.plist */,
				23D876D51C89B6140059EE01 /* Supporting Files */,
			);
			path = AspectTrack;
			sourceTree = "<group>";
		};
		23D876D51C89B6140059EE01 /* Supporting Files */ = {
			isa = PBXGroup;
			children = (
				23D876D61C89B6140059EE01 /* main.m */,
			);
			name = "Supporting Files";
			sourceTree = "<group>";
		};
		23D876F31C89B69F0059EE01 /* Aspects */ = {
			isa = PBXGroup;
			children = (
				23D876F41C89B69F0059EE01 /* MOARuntime.h */,
				23D876F51C89B69F0059EE01 /* MOARuntime.m */,
				23D876F61C89B69F0059EE01 /* MOAspects.h */,
				23D876F71C89B69F0059EE01 /* MOAspects.m */,
				23D876F81C89B69F0059EE01 /* MOAspectsHookRange.h */,
				23D876F91C89B69F0059EE01 /* MOAspectsHookRange.m */,
				23D876FA1C89B69F0059EE01 /* MOAspectsStore.h */,
				23D876FB1C89B69F0059EE01 /* MOAspectsStore.m */,
				23D876FC1C89B69F0059EE01 /* MOAspectsTarget.h */,
				23D876FD1C89B69F0059EE01 /* MOAspectsTarget.m */,
			);
			path = Aspects;
			sourceTree = "<group>";
		};
/* End PBXGroup section */

/* Begin PBXNativeTarget section */
		23D876D11C89B6140059EE01 /* AspectTrack */ = {
			isa = PBXNativeTarget;
			buildConfigurationList = 23D876E91C89B6140059EE01 /* Build configuration list for PBXNativeTarget "AspectTrack" */;
			buildPhases = (
				23D876CE1C89B6140059EE01 /* Sources */,
				23D876CF1C89B6140059EE01 /* Frameworks */,
				23D876D01C89B6140059EE01 /* Resources */,
			);
			buildRules = (
			);
			dependencies = (
			);
			name = AspectTrack;
			productName = AspectTrack;
			productReference = 23D876D21C89B6140059EE01 /* AspectTrack.app */;
			productType = "com.apple.product-type.application";
		};
/* End PBXNativeTarget section */

/* Begin PBXProject section */
		23D876CA1C89B6140059EE01 /* Project object */ = {
			isa = PBXProject;
			attributes = {
				LastUpgradeCheck = 0720;
				ORGANIZATIONNAME = "上海乐住信息技术有限公司";
				TargetAttributes = {
					23D876D11C89B6140059EE01 = {
						CreatedOnToolsVersion = 7.2;
						DevelopmentTeam = AWA9R9FXT6;
					};
				};
			};
			buildConfigurationList = 23D876CD1C89B6140059EE01 /* Build configuration list for PBXProject "AspectTrack" */;
			compatibilityVersion = "Xcode 3.2";
			developmentRegion = English;
			hasScannedForEncodings = 0;
			knownRegions = (
				en,
				Base,
			);
			mainGroup = 23D876C91C89B6140059EE01;
			productRefGroup = 23D876D31C89B6140059EE01 /* Products */;
			projectDirPath = "";
			projectRoot = "";
			targets = (
				23D876D11C89B6140059EE01 /* AspectTrack */,
			);
		};
/* End PBXProject section */

/* Begin PBXResourcesBuildPhase section */
		23D876D01C89B6140059EE01 /* Resources */ = {
			isa = PBXResourcesBuildPhase;
			buildActionMask = 2147483647;
			files = (
				23D876E51C89B6140059EE01 /* LaunchScreen.storyboard in Resources */,
				23D876E21C89B6140059EE01 /* Assets.xcassets in Resources */,
				23D876E01C89B6140059EE01 /* Main.storyboard in Resources */,
			);
			runOnlyForDeploymentPostprocessing = 0;
		};
/* End PBXResourcesBuildPhase section */

/* Begin PBXSourcesBuildPhase section */
		23D876CE1C89B6140059EE01 /* Sources */ = {
			isa = PBXSourcesBuildPhase;
			buildActionMask = 2147483647;
			files = (
				AE8408661D1959CE00C54B20 /* BIPVBase.m in Sources */,
				23D876DD1C89B6140059EE01 /* ViewController.m in Sources */,
				23D876FF1C89B69F0059EE01 /* MOAspects.m in Sources */,
				23D877021C89B69F0059EE01 /* MOAspectsTarget.m in Sources */,
				23D876DA1C89B6140059EE01 /* AppDelegate.m in Sources */,
				AE8408671D1959CE00C54B20 /* BIStatistics.m in Sources */,
				23D877001C89B69F0059EE01 /* MOAspectsHookRange.m in Sources */,
				23D876D71C89B6140059EE01 /* main.m in Sources */,
				23D876FE1C89B69F0059EE01 /* MOARuntime.m in Sources */,
				23D877011C89B69F0059EE01 /* MOAspectsStore.m in Sources */,
			);
			runOnlyForDeploymentPostprocessing = 0;
		};
/* End PBXSourcesBuildPhase section */

/* Begin PBXVariantGroup section */
		23D876DE1C89B6140059EE01 /* Main.storyboard */ = {
			isa = PBXVariantGroup;
			children = (
				23D876DF1C89B6140059EE01 /* Base */,
			);
			name = Main.storyboard;
			sourceTree = "<group>";
		};
		23D876E31C89B6140059EE01 /* LaunchScreen.storyboard */ = {
			isa = PBXVariantGroup;
			children = (
				23D876E41C89B6140059EE01 /* Base */,
			);
			name = LaunchScreen.storyboard;
			sourceTree = "<group>";
		};
/* End PBXVariantGroup section */

/* Begin XCBuildConfiguration section */
		23D876E71C89B6140059EE01 /* Debug */ = {
			isa = XCBuildConfiguration;
			buildSettings = {
				ALWAYS_SEARCH_USER_PATHS = NO;
				CLANG_CXX_LANGUAGE_STANDARD = "gnu++0x";
				CLANG_CXX_LIBRARY = "libc++";
				CLANG_ENABLE_MODULES = YES;
				CLANG_ENABLE_OBJC_ARC = YES;
				CLANG_WARN_BOOL_CONVERSION = YES;
				CLANG_WARN_CONSTANT_CONVERSION = YES;
				CLANG_WARN_DIRECT_OBJC_ISA_USAGE = YES_ERROR;
				CLANG_WARN_EMPTY_BODY = YES;
				CLANG_WARN_ENUM_CONVERSION = YES;
				CLANG_WARN_INT_CONVERSION = YES;
				CLANG_WARN_OBJC_ROOT_CLASS = YES_ERROR;
				CLANG_WARN_UNREACHABLE_CODE = YES;
				CLANG_WARN__DUPLICATE_METHOD_MATCH = YES;
				"CODE_SIGN_IDENTITY[sdk=iphoneos*]" = "iPhone Developer";
				COPY_PHASE_STRIP = NO;
				DEBUG_INFORMATION_FORMAT = dwarf;
				ENABLE_STRICT_OBJC_MSGSEND = YES;
				ENABLE_TESTABILITY = YES;
				GCC_C_LANGUAGE_STANDARD = gnu99;
				GCC_DYNAMIC_NO_PIC = NO;
				GCC_NO_COMMON_BLOCKS = YES;
				GCC_OPTIMIZATION_LEVEL = 0;
				GCC_PREPROCESSOR_DEFINITIONS = (
					"DEBUG=1",
					"$(inherited)",
				);
				GCC_WARN_64_TO_32_BIT_CONVERSION = YES;
				GCC_WARN_ABOUT_RETURN_TYPE = YES_ERROR;
				GCC_WARN_UNDECLARED_SELECTOR = YES;
				GCC_WARN_UNINITIALIZED_AUTOS = YES_AGGRESSIVE;
				GCC_WARN_UNUSED_FUNCTION = YES;
				GCC_WARN_UNUSED_VARIABLE = YES;
				IPHONEOS_DEPLOYMENT_TARGET = 9.2;
				MTL_ENABLE_DEBUG_INFO = YES;
				ONLY_ACTIVE_ARCH = YES;
				SDKROOT = iphoneos;
				TARGETED_DEVICE_FAMILY = "1,2";
			};
			name = Debug;
		};
		23D876E81C89B6140059EE01 /* Release */ = {
			isa = XCBuildConfiguration;
			buildSettings = {
				ALWAYS_SEARCH_USER_PATHS = NO;
				CLANG_CXX_LANGUAGE_STANDARD = "gnu++0x";
				CLANG_CXX_LIBRARY = "libc++";
				CLANG_ENABLE_MODULES = YES;
				CLANG_ENABLE_OBJC_ARC = YES;
				CLANG_WARN_BOOL_CONVERSION = YES;
				CLANG_WARN_CONSTANT_CONVERSION = YES;
				CLANG_WARN_DIRECT_OBJC_ISA_USAGE = YES_ERROR;
				CLANG_WARN_EMPTY_BODY = YES;
				CLANG_WARN_ENUM_CONVERSION = YES;
				CLANG_WARN_INT_CONVERSION = YES;
				CLANG_WARN_OBJC_ROOT_CLASS = YES_ERROR;
				CLANG_WARN_UNREACHABLE_CODE = YES;
				CLANG_WARN__DUPLICATE_METHOD_MATCH = YES;
				"CODE_SIGN_IDENTITY[sdk=iphoneos*]" = "iPhone Developer";
				COPY_PHASE_STRIP = NO;
				DEBUG_INFORMATION_FORMAT = "dwarf-with-dsym";
				ENABLE_NS_ASSERTIONS = NO;
				ENABLE_STRICT_OBJC_MSGSEND = YES;
				GCC_C_LANGUAGE_STANDARD = gnu99;
				GCC_NO_COMMON_BLOCKS = YES;
				GCC_WARN_64_TO_32_BIT_CONVERSION = YES;
				GCC_WARN_ABOUT_RETURN_TYPE = YES_ERROR;
				GCC_WARN_UNDECLARED_SELECTOR = YES;
				GCC_WARN_UNINITIALIZED_AUTOS = YES_AGGRESSIVE;
				GCC_WARN_UNUSED_FUNCTION = YES;
				GCC_WARN_UNUSED_VARIABLE = YES;
				IPHONEOS_DEPLOYMENT_TARGET = 9.2;
				MTL_ENABLE_DEBUG_INFO = NO;
				SDKROOT = iphoneos;
				TARGETED_DEVICE_FAMILY = "1,2";
				VALIDATE_PRODUCT = YES;
			};
			name = Release;
		};
		23D876EA1C89B6140059EE01 /* Debug */ = {
			isa = XCBuildConfiguration;
			buildSettings = {
				ASSETCATALOG_COMPILER_APPICON_NAME = AppIcon;
				DEVELOPMENT_TEAM = AWA9R9FXT6;
				INFOPLIST_FILE = AspectTrack/Info.plist;
				LD_RUNPATH_SEARCH_PATHS = "$(inherited) @executable_path/Frameworks";
				PRODUCT_BUNDLE_IDENTIFIER = com.lezhu.imike.AspectTrack;
				PRODUCT_NAME = "$(TARGET_NAME)";
			};
			name = Debug;
		};
		23D876EB1C89B6140059EE01 /* Release */ = {
			isa = XCBuildConfiguration;
			buildSettings = {
				ASSETCATALOG_COMPILER_APPICON_NAME = AppIcon;
				DEVELOPMENT_TEAM = AWA9R9FXT6;
				INFOPLIST_FILE = AspectTrack/Info.plist;
				LD_RUNPATH_SEARCH_PATHS = "$(inherited) @executable_path/Frameworks";
				PRODUCT_BUNDLE_IDENTIFIER = com.lezhu.imike.AspectTrack;
				PRODUCT_NAME = "$(TARGET_NAME)";
			};
			name = Release;
		};
/* End XCBuildConfiguration section */

/* Begin XCConfigurationList section */
		23D876CD1C89B6140059EE01 /* Build configuration list for PBXProject "AspectTrack" */ = {
			isa = XCConfigurationList;
			buildConfigurations = (
				23D876E71C89B6140059EE01 /* Debug */,
				23D876E81C89B6140059EE01 /* Release */,
			);
			defaultConfigurationIsVisible = 0;
			defaultConfigurationName = Release;
		};
		23D876E91C89B6140059EE01 /* Build configuration list for PBXNativeTarget "AspectTrack" */ = {
			isa = XCConfigurationList;
			buildConfigurations = (
				23D876EA1C89B6140059EE01 /* Debug */,
				23D876EB1C89B6140059EE01 /* Release */,
			);
			defaultConfigurationIsVisible = 0;
			defaultConfigurationName = Release;
		};
/* End XCConfigurationList section */
	};
	rootObject = 23D876CA1C89B6140059EE01 /* Project object */;
}
